
Microsoft Visual Studio Solution File, Format Version 12.00
# Visual Studio Version 16
VisualStudioVersion = 16.0.31129.286
MinimumVisualStudioVersion = 10.0.40219.1
Project("{2150E333-8FDC-42A3-9474-1A3956D46DE8}") = "Graph", "Graph", "{16F5D12D-4341-4700-834C-677813B748C3}"
EndProject
Project("{2150E333-8FDC-42A3-9474-1A3956D46DE8}") = "Tree", "Tree", "{72FE8F68-A148-45A2-91D4-A2EE776BDF3A}"
EndProject
Project("{2150E333-8FDC-42A3-9474-1A3956D46DE8}") = "LinkedList", "LinkedList", "{F531DE4C-1482-4CB9-8337-D9B8CA623A71}"
EndProject
Project("{9A19103F-16F7-4668-BE54-9A1E7A4F7556}") = "CourseSchedule", "Graph\CourseSchedule\CourseSchedule.csproj", "{A11C7925-1DE6-4130-B2E4-97197AADA437}"
EndProject
Project("{9A19103F-16F7-4668-BE54-9A1E7A4F7556}") = "DoesPathExist", "Graph\DoesPathExist\DoesPathExist.csproj", "{48359414-1857-40AD-84CB-3648C2134258}"
EndProject
Project("{9A19103F-16F7-4668-BE54-9A1E7A4F7556}") = "GraphClone", "Graph\GraphClone\GraphClone.csproj", "{DC4861CF-3EEE-4FF4-A46A-B1F5832C4824}"
EndProject
Project("{9A19103F-16F7-4668-BE54-9A1E7A4F7556}") = "TreeHeight", "Tree\TreeHeight\TreeHeight.csproj", "{A469B669-BCB8-44E4-B95F-89AE156308B8}"
EndProject
Project("{9A19103F-16F7-4668-BE54-9A1E7A4F7556}") = "SameTree", "Tree\SameTree\SameTree.csproj", "{6B653D6A-D198-44A6-AA5F-A973D7E95D17}"
EndProject
Project("{9A19103F-16F7-4668-BE54-9A1E7A4F7556}") = "IsSymmetric", "Tree\IsSymmetric\IsSymmetric.csproj", "{09BB9B99-1C3E-4894-B2AD-1F2840ADB164}"
EndProject
Project("{9A19103F-16F7-4668-BE54-9A1E7A4F7556}") = "InvertBinaryTree", "Tree\InvertBinaryTree\InvertBinaryTree.csproj", "{BF260B68-4FA2-4A5C-BA89-5F785694111C}"
EndProject
Project("{FAE04EC0-301F-11D3-BF4B-00C04F79EFBC}") = "Common", "Common\Common.csproj", "{10252F89-754E-45F7-B816-0C53268C07C1}"
EndProject
Project("{FAE04EC0-301F-11D3-BF4B-00C04F79EFBC}") = "MergeTwoSortedLists", "LinkedList\MergeTwoSortedLists\MergeTwoSortedLists.csproj", "{B11A4798-32EC-4682-81AC-78F43B3ABA56}"
EndProject
Project("{2150E333-8FDC-42A3-9474-1A3956D46DE8}") = "HashMap", "HashMap", "{90712935-0012-4ECC-8DB9-6428BD0F3997}"
EndProject
Project("{FAE04EC0-301F-11D3-BF4B-00C04F79EFBC}") = "AddTwoNumbers", "LinkedList\AddTwoNumbers\AddTwoNumbers.csproj", "{5EBD1454-C0C6-4351-8A3F-E27F762A1556}"
EndProject
Project("{2150E333-8FDC-42A3-9474-1A3956D46DE8}") = "Arrays", "Arrays", "{4B8E71A6-12DB-4400-8FFE-724E21D9A10D}"
EndProject
Project("{FAE04EC0-301F-11D3-BF4B-00C04F79EFBC}") = "IntegerToRoman", "HashMap\IntegerToRoman\IntegerToRoman.csproj", "{003F1CD2-4DBE-4E17-9F63-825CFCF22A34}"
EndProject
Project("{FAE04EC0-301F-11D3-BF4B-00C04F79EFBC}") = "RomanToInteger", "HashMap\RomanToInteger\RomanToInteger.csproj", "{84E4CAA6-A1E3-442B-988A-269AD7D060B6}"
EndProject
Project("{2150E333-8FDC-42A3-9474-1A3956D46DE8}") = "String", "String", "{17E97854-1EAC-4463-B345-4B235B43D9B4}"
EndProject
Project("{FAE04EC0-301F-11D3-BF4B-00C04F79EFBC}") = "LongestCommonPrefix", "String\LongestCommonPrefix\LongestCommonPrefix.csproj", "{FFA2F486-4476-4A85-A52E-A4EB7D40118D}"
EndProject
Project("{2150E333-8FDC-42A3-9474-1A3956D46DE8}") = "Sorting", "Sorting", "{A66E635C-51D4-47D7-A22A-1A90293DDB56}"
EndProject
Project("{FAE04EC0-301F-11D3-BF4B-00C04F79EFBC}") = "FindMedianTwoSortedArrays", "Sorting\FindMedianTwoSortedArrays\FindMedianTwoSortedArrays.csproj", "{DDEFD61A-F4EF-4934-BD46-2CEF3C8D358E}"
EndProject
Project("{FAE04EC0-301F-11D3-BF4B-00C04F79EFBC}") = "PalindromeNumber", "String\PalindromeNumber\PalindromeNumber.csproj", "{4A4677B9-7946-4B24-B630-5AAE58760333}"
EndProject
Project("{FAE04EC0-301F-11D3-BF4B-00C04F79EFBC}") = "LevelOrderTraversal", "Tree\LevelOrderTraversal\LevelOrderTraversal.csproj", "{5ED3ABC7-D3E3-4A24-8833-42BB0869D55C}"
EndProject
Project("{FAE04EC0-301F-11D3-BF4B-00C04F79EFBC}") = "BFS", "Graph\BFS\BFS.csproj", "{1CCFFE65-C40B-4883-919F-018C44244698}"
EndProject
Project("{FAE04EC0-301F-11D3-BF4B-00C04F79EFBC}") = "3Sum", "Arrays\3Sum\3Sum.csproj", "{624255F1-08C7-4A21-B061-C92DBA99C420}"
EndProject
Project("{FAE04EC0-301F-11D3-BF4B-00C04F79EFBC}") = "ContainerWithMostWater", "Arrays\ContainerWithMostWater\ContainerWithMostWater.csproj", "{D893CFC3-67E2-46D8-9FCE-5CDE4A4A843F}"
EndProject
Project("{FAE04EC0-301F-11D3-BF4B-00C04F79EFBC}") = "TwoSumII", "Arrays\TwoSumII\TwoSumII.csproj", "{3A4F9A49-0495-44B7-A164-81A51504B33F}"
EndProject
Project("{FAE04EC0-301F-11D3-BF4B-00C04F79EFBC}") = "TwoSum", "Arrays\TwoSum\TwoSum.csproj", "{D5BFCC88-A7C6-4904-85DB-63201818EDBD}"
EndProject
Project("{FAE04EC0-301F-11D3-BF4B-00C04F79EFBC}") = "MaximumSubarray", "Arrays\MaximumSubarray\MaximumSubarray.csproj", "{82CA9A3C-4FB7-47ED-A3BD-09A50074F898}"
EndProject
Project("{FAE04EC0-301F-11D3-BF4B-00C04F79EFBC}") = "ProductOfArrayExceptSelf", "Arrays\ProductOfArrayExceptSelf\ProductOfArrayExceptSelf.csproj", "{D60AF330-1189-4DA3-B0E4-A38A66D6E4C2}"
EndProject
Project("{FAE04EC0-301F-11D3-BF4B-00C04F79EFBC}") = "MaximumProductSubArray", "Arrays\MaximumProductSubArray\MaximumProductSubArray.csproj", "{C4742ECF-7AE2-416E-BAA1-76778AC1D331}"
EndProject
Project("{FAE04EC0-301F-11D3-BF4B-00C04F79EFBC}") = "FindMinimumInRotatedSortedArray", "Arrays\FindMinimumInRotatedSortedArray\FindMinimumInRotatedSortedArray.csproj", "{A22BBF3D-EC19-4824-9936-23ACB1D8686D}"
EndProject
Project("{FAE04EC0-301F-11D3-BF4B-00C04F79EFBC}") = "SearchInRotatedSortedArray", "Arrays\SearchInRotatedSortedArray\SearchInRotatedSortedArray.csproj", "{850A9594-793B-4735-B890-53075122A783}"
EndProject
Project("{2150E333-8FDC-42A3-9474-1A3956D46DE8}") = "Binary", "Binary", "{A34E579D-3288-46F4-BD38-B00A328E6F7E}"
EndProject
Project("{FAE04EC0-301F-11D3-BF4B-00C04F79EFBC}") = "SumOfTwoIntegers", "Binary\SumOfTwoIntegers\SumOfTwoIntegers.csproj", "{EA597B9D-E8D6-4DC0-84B1-A0667EAEF1BE}"
EndProject
Project("{FAE04EC0-301F-11D3-BF4B-00C04F79EFBC}") = "LongestRepeatingCharacterReplacement", "String\LongestRepeatingCharacterReplacement\LongestRepeatingCharacterReplacement.csproj", "{A90B4D0F-6ACA-426C-B411-0FCE7895F6C7}"
EndProject
Project("{FAE04EC0-301F-11D3-BF4B-00C04F79EFBC}") = "IsAnagram", "String\IsAnagram\IsAnagram.csproj", "{4C1CA575-91AE-44C9-A9CC-EDEAEC95058C}"
EndProject
Project("{FAE04EC0-301F-11D3-BF4B-00C04F79EFBC}") = "ValidParentheses", "String\ValidParentheses\ValidParentheses.csproj", "{B90E8FCF-D81D-4054-BE97-77FB992383E2}"
EndProject
Project("{FAE04EC0-301F-11D3-BF4B-00C04F79EFBC}") = "ValidPalindrome", "String\ValidPalindrome\ValidPalindrome.csproj", "{5B1A3D2E-94EF-4900-B494-9CBC4BFCA0A6}"
EndProject
Project("{2150E333-8FDC-42A3-9474-1A3956D46DE8}") = "Implementations", "Implementations", "{5C264BD3-4F9B-431D-818B-34E3932CB52B}"
EndProject
Project("{FAE04EC0-301F-11D3-BF4B-00C04F79EFBC}") = "HashMap", "Implementations\Hashmap\HashMap.csproj", "{016CF515-C581-48DA-A9B3-E8C9E7733FC1}"
EndProject
Project("{FAE04EC0-301F-11D3-BF4B-00C04F79EFBC}") = "HashSet", "Implementations\HashSet\HashSet.csproj", "{30034CCD-D7DE-43AB-8DE5-97B43ABD67FE}"
EndProject
Project("{FAE04EC0-301F-11D3-BF4B-00C04F79EFBC}") = "DesignTests", "Implementations\DesignTests\DesignTests.csproj", "{ADD31DA6-2267-4D95-8968-BC4D97388E33}"
EndProject
Project("{FAE04EC0-301F-11D3-BF4B-00C04F79EFBC}") = "List", "Implementations\List\List.csproj", "{A8B1D02F-163B-450E-823F-482238DDCCB6}"
EndProject
Project("{FAE04EC0-301F-11D3-BF4B-00C04F79EFBC}") = "StringBuilder", "Implementations\StringBuilder\StringBuilder.csproj", "{058F1991-07D5-4659-A0CB-3563EBAC0F4A}"
EndProject
Project("{2150E333-8FDC-42A3-9474-1A3956D46DE8}") = "CTCI", "CTCI", "{7A23981B-DEFA-47BA-885B-12EE31F16F69}"
EndProject
Project("{2150E333-8FDC-42A3-9474-1A3956D46DE8}") = "StringAndArrays", "StringAndArrays", "{8DA12F8C-C97E-4D1A-A07C-25D154EDB7D0}"
EndProject
Project("{FAE04EC0-301F-11D3-BF4B-00C04F79EFBC}") = "URLify", "CTCI\StringAndArrays\URLify\URLify.csproj", "{71FCAC53-740D-42D8-A737-391F94412953}"
EndProject
Project("{FAE04EC0-301F-11D3-BF4B-00C04F79EFBC}") = "LongestPalindromicSubstring", "String\LongestPalindromicSubstring\LongestPalindromicSubstring.csproj", "{E4A0DD07-AC04-4E5F-AAA8-833A4F9D3CDF}"
EndProject
Project("{FAE04EC0-301F-11D3-BF4B-00C04F79EFBC}") = "PalindromicSubstrings", "String\PalindromicSubstrings\PalindromicSubstrings.csproj", "{9DD78A1E-BDD4-4DA0-9C9B-6CB5CFDC56A2}"
EndProject
Project("{FAE04EC0-301F-11D3-BF4B-00C04F79EFBC}") = "EncodeAndDecodeStrings", "String\EncodeAndDecodeStrings\EncodeAndDecodeStrings.csproj", "{87544D93-BA6E-4698-8AC1-0583FB2061DB}"
EndProject
Project("{FAE04EC0-301F-11D3-BF4B-00C04F79EFBC}") = "GroupAnagrams", "String\GroupAnagrams\GroupAnagrams.csproj", "{2DAAB9D7-D12A-41C5-957E-5F2EA3FB23DE}"
EndProject
Project("{FAE04EC0-301F-11D3-BF4B-00C04F79EFBC}") = "MinimumWindowSubstring", "String\MinimumWindowSubstring\MinimumWindowSubstring.csproj", "{5B449777-A90A-4B73-973D-D82CC6F23C59}"
EndProject
Project("{FAE04EC0-301F-11D3-BF4B-00C04F79EFBC}") = "PalindromePermutation", "String\PalindromePermutation\PalindromePermutation.csproj", "{92FEC33E-9B66-4880-8723-0020F10FD85E}"
EndProject
Project("{FAE04EC0-301F-11D3-BF4B-00C04F79EFBC}") = "OneAway", "CTCI\StringAndArrays\OneAway\OneAway.csproj", "{7899507B-6437-4E08-8181-F739A861BE45}"
EndProject
Project("{FAE04EC0-301F-11D3-BF4B-00C04F79EFBC}") = "StringCompression", "CTCI\StringAndArrays\StringCompression\StringCompression.csproj", "{E103BE27-9229-423D-B8D2-31BA72CC8795}"
EndProject
Project("{FAE04EC0-301F-11D3-BF4B-00C04F79EFBC}") = "RepeatedDNASequences", "String\RepeatedDNASequences\RepeatedDNASequences.csproj", "{BA8C79EC-595E-448A-987F-0C185B579C24}"
EndProject
Project("{FAE04EC0-301F-11D3-BF4B-00C04F79EFBC}") = "MinSubArrayLen", "Arrays\MinSubArrayLen\MinSubArrayLen.csproj", "{997DB167-4944-4D5D-9464-A7D8ACB4261C}"
EndProject
Project("{FAE04EC0-301F-11D3-BF4B-00C04F79EFBC}") = "ReverseInteger", "Binary\ReverseInteger\ReverseInteger.csproj", "{E7723172-52AE-4872-A9A9-2F9D6B9F7634}"
EndProject
Project("{FAE04EC0-301F-11D3-BF4B-00C04F79EFBC}") = "StringRotation", "CTCI\StringAndArrays\StringRotation\StringRotation.csproj", "{E875662E-322C-4723-993E-48816BD96AAC}"
EndProject
Project("{2150E333-8FDC-42A3-9474-1A3956D46DE8}") = "LinkedList", "LinkedList", "{7A72DE1B-2236-4222-B664-9767445A7BA8}"
EndProject
Project("{FAE04EC0-301F-11D3-BF4B-00C04F79EFBC}") = "RemoveDuplicatesFromUnsortedLinkedList", "CTCI\LinkedList\RemoveDuplicatesFromUnsortedLinkedList\RemoveDuplicatesFromUnsortedLinkedList.csproj", "{63457CBA-EC49-4634-8C4A-71CC555E867A}"
EndProject
Project("{FAE04EC0-301F-11D3-BF4B-00C04F79EFBC}") = "KthElementToTheLast", "CTCI\LinkedList\KthElementToTheLast\KthElementToTheLast.csproj", "{8B934763-A581-45AC-AA98-D87EF9AFB296}"
EndProject
Project("{FAE04EC0-301F-11D3-BF4B-00C04F79EFBC}") = "ReverseLinkedList", "LinkedList\ReverseLinkedList\ReverseLinkedList.csproj", "{43E9A7F9-7733-4557-9565-52C86F6BC0A2}"
EndProject
Project("{FAE04EC0-301F-11D3-BF4B-00C04F79EFBC}") = "DeleteTheMiddleNode", "LinkedList\DeleteTheMiddleNode\DeleteTheMiddleNode.csproj", "{B2873E94-6917-47E9-B791-A27D3F991748}"
EndProject
Project("{FAE04EC0-301F-11D3-BF4B-00C04F79EFBC}") = "PartitionLinkedList", "CTCI\LinkedList\PartitionLinkedList\PartitionLinkedList.csproj", "{35431CA8-0200-41C5-A445-49555BF09C93}"
EndProject
Project("{FAE04EC0-301F-11D3-BF4B-00C04F79EFBC}") = "SumLists", "CTCI\LinkedList\SumLists\SumLists.csproj", "{A518ED25-7443-4442-930D-1743532CB932}"
EndProject
Project("{FAE04EC0-301F-11D3-BF4B-00C04F79EFBC}") = "SumListsForward", "CTCI\LinkedList\SumListsForward\SumListsForward.csproj", "{9B4C2F2F-690C-4473-B424-D9CE4EE85220}"
EndProject
Project("{FAE04EC0-301F-11D3-BF4B-00C04F79EFBC}") = "PalindromeLinkedList", "CTCI\LinkedList\PalindromeLinkedList\PalindromeLinkedList.csproj", "{28F1F0A1-D176-4CCE-865C-25F73C763DD6}"
EndProject
Project("{FAE04EC0-301F-11D3-BF4B-00C04F79EFBC}") = "IntersectionfOfLists", "CTCI\LinkedList\IntersectionfOfLists\IntersectionfOfLists.csproj", "{5476D2FE-4CAD-4EC6-A830-CB20962FACE9}"
EndProject
Project("{FAE04EC0-301F-11D3-BF4B-00C04F79EFBC}") = "RemoveNthNodeFromEndOfList", "LinkedList\RemoveNthNodeFromEndOfList\RemoveNthNodeFromEndOfList.csproj", "{C089872B-B222-426F-B051-3173D0775BA9}"
EndProject
Project("{FAE04EC0-301F-11D3-BF4B-00C04F79EFBC}") = "ReorderList", "LinkedList\ReorderList\ReorderList.csproj", "{DD330BCA-2FBC-4703-B25A-FEE7FA6B0AC8}"
EndProject
Project("{FAE04EC0-301F-11D3-BF4B-00C04F79EFBC}") = "LinkedList", "Implementations\LinkedList\LinkedList.csproj", "{C2BF9152-E1B1-4AF4-B72E-48C895DA6CC0}"
EndProject
Project("{FAE04EC0-301F-11D3-BF4B-00C04F79EFBC}") = "MergeKSortedLists", "LinkedList\MergeKSortedLists\MergeKSortedLists.csproj", "{6F38CDB6-6F7D-4025-AF99-B2B109D8628C}"
EndProject
Project("{FAE04EC0-301F-11D3-BF4B-00C04F79EFBC}") = "Stack", "Implementations\Stack\Stack.csproj", "{ADD9A35E-22EE-4B9B-9A29-D11DC618B3F7}"
EndProject
Project("{FAE04EC0-301F-11D3-BF4B-00C04F79EFBC}") = "Queue", "Implementations\Queue\Queue.csproj", "{6BCA4CC9-7D9F-4008-9BEF-F9BE087D08A8}"
EndProject
Project("{2150E333-8FDC-42A3-9474-1A3956D46DE8}") = "StackAndQueues", "StackAndQueues", "{E3D1DD24-0F15-4044-9F9A-29EAB5A6D2DF}"
EndProject
Project("{FAE04EC0-301F-11D3-BF4B-00C04F79EFBC}") = "SetOfStacks", "CTCI\StackAndQueues\SetOfStacks\SetOfStacks.csproj", "{4103FDFF-C465-40E9-A141-B0A3585D00C3}"
EndProject
Project("{FAE04EC0-301F-11D3-BF4B-00C04F79EFBC}") = "QueueWithStacks", "CTCI\StackAndQueues\QueueWithStacks\QueueWithStacks.csproj", "{37158760-0292-4C39-8E62-1498BE0422A0}"
EndProject
Project("{FAE04EC0-301F-11D3-BF4B-00C04F79EFBC}") = "SortedStack", "CTCI\StackAndQueues\SortedStack\SortedStack.csproj", "{12668199-9BC3-49FB-B3A2-3DDCC0CD761B}"
EndProject
Project("{FAE04EC0-301F-11D3-BF4B-00C04F79EFBC}") = "AnimalShelter", "CTCI\StackAndQueues\AnimalShelter\AnimalShelter.csproj", "{4A5934AB-2B64-46D3-8418-F140132F9A6E}"
EndProject
Project("{2150E333-8FDC-42A3-9474-1A3956D46DE8}") = "TreesAndGraphs", "TreesAndGraphs", "{8DBDFF18-A042-43E0-8995-170160DA943D}"
EndProject
Project("{FAE04EC0-301F-11D3-BF4B-00C04F79EFBC}") = "MinimalTree", "CTCI\TreesAndGraphs\MinimalTree\MinimalTree.csproj", "{A3A94A9C-F0F4-45A7-9954-2954B6267554}"
EndProject
Project("{FAE04EC0-301F-11D3-BF4B-00C04F79EFBC}") = "ListOfDepths", "CTCI\TreesAndGraphs\ListOfDepths\ListOfDepths.csproj", "{3BAFE2A7-37C8-40F1-8BDE-E036010A5006}"
EndProject
Project("{FAE04EC0-301F-11D3-BF4B-00C04F79EFBC}") = "CheckBalanced", "CTCI\TreesAndGraphs\CheckBalanced\CheckBalanced.csproj", "{8539C534-8EE3-41EA-BD27-D152B9480579}"
EndProject
Project("{FAE04EC0-301F-11D3-BF4B-00C04F79EFBC}") = "ValidateBST", "CTCI\TreesAndGraphs\ValidateBST\ValidateBST.csproj", "{99891D88-4369-4E97-93B8-BC5C0B7E8287}"
EndProject
Project("{FAE04EC0-301F-11D3-BF4B-00C04F79EFBC}") = "Successor", "CTCI\TreesAndGraphs\Successor\Successor.csproj", "{0223FF40-0410-4454-9868-42297E3D67D2}"
EndProject
Project("{FAE04EC0-301F-11D3-BF4B-00C04F79EFBC}") = "LowestCommonAnchestor", "Tree\LowestCommonAnchestor\LowestCommonAnchestor.csproj", "{5B28BBF2-75FD-48DF-8588-BFBC794AC2AE}"
EndProject
Project("{FAE04EC0-301F-11D3-BF4B-00C04F79EFBC}") = "BSTSequences", "CTCI\TreesAndGraphs\BSTSequences\BSTSequences.csproj", "{FC4EE284-CD35-4D16-AC36-9A6D838C9C58}"
EndProject
Project("{FAE04EC0-301F-11D3-BF4B-00C04F79EFBC}") = "IsSubTree", "CTCI\TreesAndGraphs\IsSubTree\IsSubTree.csproj", "{8F4B981B-A9A1-4D67-B39D-9B7E14726EF3}"
EndProject
Project("{FAE04EC0-301F-11D3-BF4B-00C04F79EFBC}") = "KthSmallestElementBST", "Tree\KthSmallestElementBST\KthSmallestElementBST.csproj", "{CB8E2F7A-363D-4EA6-BA13-296D8431842C}"
EndProject
Project("{FAE04EC0-301F-11D3-BF4B-00C04F79EFBC}") = "NumberOfUniqueIntegersInString", "String\NumberOfUniqueIntegersInString\NumberOfUniqueIntegersInString.csproj", "{2D45DB85-EC15-4542-834D-80E3B0EBF906}"
EndProject
Project("{FAE04EC0-301F-11D3-BF4B-00C04F79EFBC}") = "CanParanthesesBeValid", "String\CanParanthesesBeValid\CanParanthesesBeValid.csproj", "{610E78B1-3BEA-4CE7-9C0D-F9A8E5FAD63F}"
EndProject
Project("{FAE04EC0-301F-11D3-BF4B-00C04F79EFBC}") = "BestTimeToBuyAndSellStockWithTransactionFee", "Arrays\BestTimeToBuyAndSellStockWithTransactionFee\BestTimeToBuyAndSellStockWithTransactionFee.csproj", "{986E6DE6-911A-42A5-A7D8-EA8011C3FA2E}"
EndProject
Project("{FAE04EC0-301F-11D3-BF4B-00C04F79EFBC}") = "BestTimeToBuyAndSellStockII", "Arrays\BestTimeToBuyAndSellStockII\BestTimeToBuyAndSellStockII.csproj", "{163FA3F1-39CC-4601-907C-E43D5DC25B2A}"
EndProject
Project("{2150E333-8FDC-42A3-9474-1A3956D46DE8}") = "list", "list", "{3ACD2D6C-9070-4001-A997-ACD9067E8433}"
EndProject
Project("{2150E333-8FDC-42A3-9474-1A3956D46DE8}") = "csharp", "csharp", "{2316C9AD-5F2F-4C37-81ED-D7BA010A11AF}"
EndProject
Project("{FAE04EC0-301F-11D3-BF4B-00C04F79EFBC}") = "ii", "implementations\list\csharp\ii\ii.csproj", "{EA911EE2-1126-4CF8-A5B4-62CE076AF13F}"
EndProject
Project("{2150E333-8FDC-42A3-9474-1A3956D46DE8}") = "ii", "ii", "{56A2F8A5-2EBF-4096-9590-E5DFD51444BE}"
EndProject
Project("{FAE04EC0-301F-11D3-BF4B-00C04F79EFBC}") = "DesignList", "implementations\list\csharp\ii\DesignList\DesignList.csproj", "{C20BACD2-0DD0-4521-B2C3-A105899AC09A}"
EndProject
Project("{FAE04EC0-301F-11D3-BF4B-00C04F79EFBC}") = "DesignList.Tests", "implementations\list\csharp\ii\DesignList.Tests\DesignList.Tests.csproj", "{64D8360E-EF3F-4877-AA5E-1FFB0BE812DA}"
EndProject
Global
	GlobalSection(SolutionConfigurationPlatforms) = preSolution
		Debug|Any CPU = Debug|Any CPU
		Release|Any CPU = Release|Any CPU
	EndGlobalSection
	GlobalSection(ProjectConfigurationPlatforms) = postSolution
		{A11C7925-1DE6-4130-B2E4-97197AADA437}.Debug|Any CPU.ActiveCfg = Debug|Any CPU
		{A11C7925-1DE6-4130-B2E4-97197AADA437}.Debug|Any CPU.Build.0 = Debug|Any CPU
		{A11C7925-1DE6-4130-B2E4-97197AADA437}.Release|Any CPU.ActiveCfg = Release|Any CPU
		{A11C7925-1DE6-4130-B2E4-97197AADA437}.Release|Any CPU.Build.0 = Release|Any CPU
		{48359414-1857-40AD-84CB-3648C2134258}.Debug|Any CPU.ActiveCfg = Debug|Any CPU
		{48359414-1857-40AD-84CB-3648C2134258}.Debug|Any CPU.Build.0 = Debug|Any CPU
		{48359414-1857-40AD-84CB-3648C2134258}.Release|Any CPU.ActiveCfg = Release|Any CPU
		{48359414-1857-40AD-84CB-3648C2134258}.Release|Any CPU.Build.0 = Release|Any CPU
		{DC4861CF-3EEE-4FF4-A46A-B1F5832C4824}.Debug|Any CPU.ActiveCfg = Debug|Any CPU
		{DC4861CF-3EEE-4FF4-A46A-B1F5832C4824}.Debug|Any CPU.Build.0 = Debug|Any CPU
		{DC4861CF-3EEE-4FF4-A46A-B1F5832C4824}.Release|Any CPU.ActiveCfg = Release|Any CPU
		{DC4861CF-3EEE-4FF4-A46A-B1F5832C4824}.Release|Any CPU.Build.0 = Release|Any CPU
		{A469B669-BCB8-44E4-B95F-89AE156308B8}.Debug|Any CPU.ActiveCfg = Debug|Any CPU
		{A469B669-BCB8-44E4-B95F-89AE156308B8}.Debug|Any CPU.Build.0 = Debug|Any CPU
		{A469B669-BCB8-44E4-B95F-89AE156308B8}.Release|Any CPU.ActiveCfg = Release|Any CPU
		{A469B669-BCB8-44E4-B95F-89AE156308B8}.Release|Any CPU.Build.0 = Release|Any CPU
		{6B653D6A-D198-44A6-AA5F-A973D7E95D17}.Debug|Any CPU.ActiveCfg = Debug|Any CPU
		{6B653D6A-D198-44A6-AA5F-A973D7E95D17}.Debug|Any CPU.Build.0 = Debug|Any CPU
		{6B653D6A-D198-44A6-AA5F-A973D7E95D17}.Release|Any CPU.ActiveCfg = Release|Any CPU
		{6B653D6A-D198-44A6-AA5F-A973D7E95D17}.Release|Any CPU.Build.0 = Release|Any CPU
		{09BB9B99-1C3E-4894-B2AD-1F2840ADB164}.Debug|Any CPU.ActiveCfg = Debug|Any CPU
		{09BB9B99-1C3E-4894-B2AD-1F2840ADB164}.Debug|Any CPU.Build.0 = Debug|Any CPU
		{09BB9B99-1C3E-4894-B2AD-1F2840ADB164}.Release|Any CPU.ActiveCfg = Release|Any CPU
		{09BB9B99-1C3E-4894-B2AD-1F2840ADB164}.Release|Any CPU.Build.0 = Release|Any CPU
		{BF260B68-4FA2-4A5C-BA89-5F785694111C}.Debug|Any CPU.ActiveCfg = Debug|Any CPU
		{BF260B68-4FA2-4A5C-BA89-5F785694111C}.Debug|Any CPU.Build.0 = Debug|Any CPU
		{BF260B68-4FA2-4A5C-BA89-5F785694111C}.Release|Any CPU.ActiveCfg = Release|Any CPU
		{BF260B68-4FA2-4A5C-BA89-5F785694111C}.Release|Any CPU.Build.0 = Release|Any CPU
		{10252F89-754E-45F7-B816-0C53268C07C1}.Debug|Any CPU.ActiveCfg = Debug|Any CPU
		{10252F89-754E-45F7-B816-0C53268C07C1}.Debug|Any CPU.Build.0 = Debug|Any CPU
		{10252F89-754E-45F7-B816-0C53268C07C1}.Release|Any CPU.ActiveCfg = Release|Any CPU
		{10252F89-754E-45F7-B816-0C53268C07C1}.Release|Any CPU.Build.0 = Release|Any CPU
		{B11A4798-32EC-4682-81AC-78F43B3ABA56}.Debug|Any CPU.ActiveCfg = Debug|Any CPU
		{B11A4798-32EC-4682-81AC-78F43B3ABA56}.Debug|Any CPU.Build.0 = Debug|Any CPU
		{B11A4798-32EC-4682-81AC-78F43B3ABA56}.Release|Any CPU.ActiveCfg = Release|Any CPU
		{B11A4798-32EC-4682-81AC-78F43B3ABA56}.Release|Any CPU.Build.0 = Release|Any CPU
		{5EBD1454-C0C6-4351-8A3F-E27F762A1556}.Debug|Any CPU.ActiveCfg = Debug|Any CPU
		{5EBD1454-C0C6-4351-8A3F-E27F762A1556}.Debug|Any CPU.Build.0 = Debug|Any CPU
		{5EBD1454-C0C6-4351-8A3F-E27F762A1556}.Release|Any CPU.ActiveCfg = Release|Any CPU
		{5EBD1454-C0C6-4351-8A3F-E27F762A1556}.Release|Any CPU.Build.0 = Release|Any CPU
		{732EE443-2CAF-473B-9F87-38388A69F95E}.Debug|Any CPU.ActiveCfg = Debug|Any CPU
		{732EE443-2CAF-473B-9F87-38388A69F95E}.Debug|Any CPU.Build.0 = Debug|Any CPU
		{732EE443-2CAF-473B-9F87-38388A69F95E}.Release|Any CPU.ActiveCfg = Release|Any CPU
		{732EE443-2CAF-473B-9F87-38388A69F95E}.Release|Any CPU.Build.0 = Release|Any CPU
		{003F1CD2-4DBE-4E17-9F63-825CFCF22A34}.Debug|Any CPU.ActiveCfg = Debug|Any CPU
		{003F1CD2-4DBE-4E17-9F63-825CFCF22A34}.Debug|Any CPU.Build.0 = Debug|Any CPU
		{003F1CD2-4DBE-4E17-9F63-825CFCF22A34}.Release|Any CPU.ActiveCfg = Release|Any CPU
		{003F1CD2-4DBE-4E17-9F63-825CFCF22A34}.Release|Any CPU.Build.0 = Release|Any CPU
		{84E4CAA6-A1E3-442B-988A-269AD7D060B6}.Debug|Any CPU.ActiveCfg = Debug|Any CPU
		{84E4CAA6-A1E3-442B-988A-269AD7D060B6}.Debug|Any CPU.Build.0 = Debug|Any CPU
		{84E4CAA6-A1E3-442B-988A-269AD7D060B6}.Release|Any CPU.ActiveCfg = Release|Any CPU
		{84E4CAA6-A1E3-442B-988A-269AD7D060B6}.Release|Any CPU.Build.0 = Release|Any CPU
		{FFA2F486-4476-4A85-A52E-A4EB7D40118D}.Debug|Any CPU.ActiveCfg = Debug|Any CPU
		{FFA2F486-4476-4A85-A52E-A4EB7D40118D}.Debug|Any CPU.Build.0 = Debug|Any CPU
		{FFA2F486-4476-4A85-A52E-A4EB7D40118D}.Release|Any CPU.ActiveCfg = Release|Any CPU
		{FFA2F486-4476-4A85-A52E-A4EB7D40118D}.Release|Any CPU.Build.0 = Release|Any CPU
		{6A1D7994-AC31-4575-8CBD-65DE65ECE26D}.Debug|Any CPU.ActiveCfg = Debug|Any CPU
		{6A1D7994-AC31-4575-8CBD-65DE65ECE26D}.Debug|Any CPU.Build.0 = Debug|Any CPU
		{6A1D7994-AC31-4575-8CBD-65DE65ECE26D}.Release|Any CPU.ActiveCfg = Release|Any CPU
		{6A1D7994-AC31-4575-8CBD-65DE65ECE26D}.Release|Any CPU.Build.0 = Release|Any CPU
		{50F5277F-25AE-43BC-899D-AADB0F8ED453}.Debug|Any CPU.ActiveCfg = Debug|Any CPU
		{50F5277F-25AE-43BC-899D-AADB0F8ED453}.Debug|Any CPU.Build.0 = Debug|Any CPU
		{50F5277F-25AE-43BC-899D-AADB0F8ED453}.Release|Any CPU.ActiveCfg = Release|Any CPU
		{50F5277F-25AE-43BC-899D-AADB0F8ED453}.Release|Any CPU.Build.0 = Release|Any CPU
		{DDEFD61A-F4EF-4934-BD46-2CEF3C8D358E}.Debug|Any CPU.ActiveCfg = Debug|Any CPU
		{DDEFD61A-F4EF-4934-BD46-2CEF3C8D358E}.Debug|Any CPU.Build.0 = Debug|Any CPU
		{DDEFD61A-F4EF-4934-BD46-2CEF3C8D358E}.Release|Any CPU.ActiveCfg = Release|Any CPU
		{DDEFD61A-F4EF-4934-BD46-2CEF3C8D358E}.Release|Any CPU.Build.0 = Release|Any CPU
		{4A4677B9-7946-4B24-B630-5AAE58760333}.Debug|Any CPU.ActiveCfg = Debug|Any CPU
		{4A4677B9-7946-4B24-B630-5AAE58760333}.Debug|Any CPU.Build.0 = Debug|Any CPU
		{4A4677B9-7946-4B24-B630-5AAE58760333}.Release|Any CPU.ActiveCfg = Release|Any CPU
		{4A4677B9-7946-4B24-B630-5AAE58760333}.Release|Any CPU.Build.0 = Release|Any CPU
		{5ED3ABC7-D3E3-4A24-8833-42BB0869D55C}.Debug|Any CPU.ActiveCfg = Debug|Any CPU
		{5ED3ABC7-D3E3-4A24-8833-42BB0869D55C}.Debug|Any CPU.Build.0 = Debug|Any CPU
		{5ED3ABC7-D3E3-4A24-8833-42BB0869D55C}.Release|Any CPU.ActiveCfg = Release|Any CPU
		{5ED3ABC7-D3E3-4A24-8833-42BB0869D55C}.Release|Any CPU.Build.0 = Release|Any CPU
		{3713522E-FD95-4F24-A24F-A0708AE7DE37}.Debug|Any CPU.ActiveCfg = Debug|Any CPU
		{3713522E-FD95-4F24-A24F-A0708AE7DE37}.Debug|Any CPU.Build.0 = Debug|Any CPU
		{3713522E-FD95-4F24-A24F-A0708AE7DE37}.Release|Any CPU.ActiveCfg = Release|Any CPU
		{3713522E-FD95-4F24-A24F-A0708AE7DE37}.Release|Any CPU.Build.0 = Release|Any CPU
		{1CCFFE65-C40B-4883-919F-018C44244698}.Debug|Any CPU.ActiveCfg = Debug|Any CPU
		{1CCFFE65-C40B-4883-919F-018C44244698}.Debug|Any CPU.Build.0 = Debug|Any CPU
		{1CCFFE65-C40B-4883-919F-018C44244698}.Release|Any CPU.ActiveCfg = Release|Any CPU
		{1CCFFE65-C40B-4883-919F-018C44244698}.Release|Any CPU.Build.0 = Release|Any CPU
		{624255F1-08C7-4A21-B061-C92DBA99C420}.Debug|Any CPU.ActiveCfg = Debug|Any CPU
		{624255F1-08C7-4A21-B061-C92DBA99C420}.Debug|Any CPU.Build.0 = Debug|Any CPU
		{624255F1-08C7-4A21-B061-C92DBA99C420}.Release|Any CPU.ActiveCfg = Release|Any CPU
		{624255F1-08C7-4A21-B061-C92DBA99C420}.Release|Any CPU.Build.0 = Release|Any CPU
		{D893CFC3-67E2-46D8-9FCE-5CDE4A4A843F}.Debug|Any CPU.ActiveCfg = Debug|Any CPU
		{D893CFC3-67E2-46D8-9FCE-5CDE4A4A843F}.Debug|Any CPU.Build.0 = Debug|Any CPU
		{D893CFC3-67E2-46D8-9FCE-5CDE4A4A843F}.Release|Any CPU.ActiveCfg = Release|Any CPU
		{D893CFC3-67E2-46D8-9FCE-5CDE4A4A843F}.Release|Any CPU.Build.0 = Release|Any CPU
		{3A4F9A49-0495-44B7-A164-81A51504B33F}.Debug|Any CPU.ActiveCfg = Debug|Any CPU
		{3A4F9A49-0495-44B7-A164-81A51504B33F}.Debug|Any CPU.Build.0 = Debug|Any CPU
		{3A4F9A49-0495-44B7-A164-81A51504B33F}.Release|Any CPU.ActiveCfg = Release|Any CPU
		{3A4F9A49-0495-44B7-A164-81A51504B33F}.Release|Any CPU.Build.0 = Release|Any CPU
		{D5BFCC88-A7C6-4904-85DB-63201818EDBD}.Debug|Any CPU.ActiveCfg = Debug|Any CPU
		{D5BFCC88-A7C6-4904-85DB-63201818EDBD}.Debug|Any CPU.Build.0 = Debug|Any CPU
		{D5BFCC88-A7C6-4904-85DB-63201818EDBD}.Release|Any CPU.ActiveCfg = Release|Any CPU
		{D5BFCC88-A7C6-4904-85DB-63201818EDBD}.Release|Any CPU.Build.0 = Release|Any CPU
		{82CA9A3C-4FB7-47ED-A3BD-09A50074F898}.Debug|Any CPU.ActiveCfg = Debug|Any CPU
		{82CA9A3C-4FB7-47ED-A3BD-09A50074F898}.Debug|Any CPU.Build.0 = Debug|Any CPU
		{82CA9A3C-4FB7-47ED-A3BD-09A50074F898}.Release|Any CPU.ActiveCfg = Release|Any CPU
		{82CA9A3C-4FB7-47ED-A3BD-09A50074F898}.Release|Any CPU.Build.0 = Release|Any CPU
		{D60AF330-1189-4DA3-B0E4-A38A66D6E4C2}.Debug|Any CPU.ActiveCfg = Debug|Any CPU
		{D60AF330-1189-4DA3-B0E4-A38A66D6E4C2}.Debug|Any CPU.Build.0 = Debug|Any CPU
		{D60AF330-1189-4DA3-B0E4-A38A66D6E4C2}.Release|Any CPU.ActiveCfg = Release|Any CPU
		{D60AF330-1189-4DA3-B0E4-A38A66D6E4C2}.Release|Any CPU.Build.0 = Release|Any CPU
		{C4742ECF-7AE2-416E-BAA1-76778AC1D331}.Debug|Any CPU.ActiveCfg = Debug|Any CPU
		{C4742ECF-7AE2-416E-BAA1-76778AC1D331}.Debug|Any CPU.Build.0 = Debug|Any CPU
		{C4742ECF-7AE2-416E-BAA1-76778AC1D331}.Release|Any CPU.ActiveCfg = Release|Any CPU
		{C4742ECF-7AE2-416E-BAA1-76778AC1D331}.Release|Any CPU.Build.0 = Release|Any CPU
		{A22BBF3D-EC19-4824-9936-23ACB1D8686D}.Debug|Any CPU.ActiveCfg = Debug|Any CPU
		{A22BBF3D-EC19-4824-9936-23ACB1D8686D}.Debug|Any CPU.Build.0 = Debug|Any CPU
		{A22BBF3D-EC19-4824-9936-23ACB1D8686D}.Release|Any CPU.ActiveCfg = Release|Any CPU
		{A22BBF3D-EC19-4824-9936-23ACB1D8686D}.Release|Any CPU.Build.0 = Release|Any CPU
		{850A9594-793B-4735-B890-53075122A783}.Debug|Any CPU.ActiveCfg = Debug|Any CPU
		{850A9594-793B-4735-B890-53075122A783}.Debug|Any CPU.Build.0 = Debug|Any CPU
		{850A9594-793B-4735-B890-53075122A783}.Release|Any CPU.ActiveCfg = Release|Any CPU
		{850A9594-793B-4735-B890-53075122A783}.Release|Any CPU.Build.0 = Release|Any CPU
		{EA597B9D-E8D6-4DC0-84B1-A0667EAEF1BE}.Debug|Any CPU.ActiveCfg = Debug|Any CPU
		{EA597B9D-E8D6-4DC0-84B1-A0667EAEF1BE}.Debug|Any CPU.Build.0 = Debug|Any CPU
		{EA597B9D-E8D6-4DC0-84B1-A0667EAEF1BE}.Release|Any CPU.ActiveCfg = Release|Any CPU
		{EA597B9D-E8D6-4DC0-84B1-A0667EAEF1BE}.Release|Any CPU.Build.0 = Release|Any CPU
		{A90B4D0F-6ACA-426C-B411-0FCE7895F6C7}.Debug|Any CPU.ActiveCfg = Debug|Any CPU
		{A90B4D0F-6ACA-426C-B411-0FCE7895F6C7}.Debug|Any CPU.Build.0 = Debug|Any CPU
		{A90B4D0F-6ACA-426C-B411-0FCE7895F6C7}.Release|Any CPU.ActiveCfg = Release|Any CPU
		{A90B4D0F-6ACA-426C-B411-0FCE7895F6C7}.Release|Any CPU.Build.0 = Release|Any CPU
		{4C1CA575-91AE-44C9-A9CC-EDEAEC95058C}.Debug|Any CPU.ActiveCfg = Debug|Any CPU
		{4C1CA575-91AE-44C9-A9CC-EDEAEC95058C}.Debug|Any CPU.Build.0 = Debug|Any CPU
		{4C1CA575-91AE-44C9-A9CC-EDEAEC95058C}.Release|Any CPU.ActiveCfg = Release|Any CPU
		{4C1CA575-91AE-44C9-A9CC-EDEAEC95058C}.Release|Any CPU.Build.0 = Release|Any CPU
		{B90E8FCF-D81D-4054-BE97-77FB992383E2}.Debug|Any CPU.ActiveCfg = Debug|Any CPU
		{B90E8FCF-D81D-4054-BE97-77FB992383E2}.Debug|Any CPU.Build.0 = Debug|Any CPU
		{B90E8FCF-D81D-4054-BE97-77FB992383E2}.Release|Any CPU.ActiveCfg = Release|Any CPU
		{B90E8FCF-D81D-4054-BE97-77FB992383E2}.Release|Any CPU.Build.0 = Release|Any CPU
		{5B1A3D2E-94EF-4900-B494-9CBC4BFCA0A6}.Debug|Any CPU.ActiveCfg = Debug|Any CPU
		{5B1A3D2E-94EF-4900-B494-9CBC4BFCA0A6}.Debug|Any CPU.Build.0 = Debug|Any CPU
		{5B1A3D2E-94EF-4900-B494-9CBC4BFCA0A6}.Release|Any CPU.ActiveCfg = Release|Any CPU
		{5B1A3D2E-94EF-4900-B494-9CBC4BFCA0A6}.Release|Any CPU.Build.0 = Release|Any CPU
		{016CF515-C581-48DA-A9B3-E8C9E7733FC1}.Debug|Any CPU.ActiveCfg = Debug|Any CPU
		{016CF515-C581-48DA-A9B3-E8C9E7733FC1}.Debug|Any CPU.Build.0 = Debug|Any CPU
		{016CF515-C581-48DA-A9B3-E8C9E7733FC1}.Release|Any CPU.ActiveCfg = Release|Any CPU
		{016CF515-C581-48DA-A9B3-E8C9E7733FC1}.Release|Any CPU.Build.0 = Release|Any CPU
		{30034CCD-D7DE-43AB-8DE5-97B43ABD67FE}.Debug|Any CPU.ActiveCfg = Debug|Any CPU
		{30034CCD-D7DE-43AB-8DE5-97B43ABD67FE}.Debug|Any CPU.Build.0 = Debug|Any CPU
		{30034CCD-D7DE-43AB-8DE5-97B43ABD67FE}.Release|Any CPU.ActiveCfg = Release|Any CPU
		{30034CCD-D7DE-43AB-8DE5-97B43ABD67FE}.Release|Any CPU.Build.0 = Release|Any CPU
		{ADD31DA6-2267-4D95-8968-BC4D97388E33}.Debug|Any CPU.ActiveCfg = Debug|Any CPU
		{ADD31DA6-2267-4D95-8968-BC4D97388E33}.Debug|Any CPU.Build.0 = Debug|Any CPU
		{ADD31DA6-2267-4D95-8968-BC4D97388E33}.Release|Any CPU.ActiveCfg = Release|Any CPU
		{ADD31DA6-2267-4D95-8968-BC4D97388E33}.Release|Any CPU.Build.0 = Release|Any CPU
		{A8B1D02F-163B-450E-823F-482238DDCCB6}.Debug|Any CPU.ActiveCfg = Debug|Any CPU
		{A8B1D02F-163B-450E-823F-482238DDCCB6}.Debug|Any CPU.Build.0 = Debug|Any CPU
		{A8B1D02F-163B-450E-823F-482238DDCCB6}.Release|Any CPU.ActiveCfg = Release|Any CPU
		{A8B1D02F-163B-450E-823F-482238DDCCB6}.Release|Any CPU.Build.0 = Release|Any CPU
		{058F1991-07D5-4659-A0CB-3563EBAC0F4A}.Debug|Any CPU.ActiveCfg = Debug|Any CPU
		{058F1991-07D5-4659-A0CB-3563EBAC0F4A}.Debug|Any CPU.Build.0 = Debug|Any CPU
		{058F1991-07D5-4659-A0CB-3563EBAC0F4A}.Release|Any CPU.ActiveCfg = Release|Any CPU
		{058F1991-07D5-4659-A0CB-3563EBAC0F4A}.Release|Any CPU.Build.0 = Release|Any CPU
		{71FCAC53-740D-42D8-A737-391F94412953}.Debug|Any CPU.ActiveCfg = Debug|Any CPU
		{71FCAC53-740D-42D8-A737-391F94412953}.Debug|Any CPU.Build.0 = Debug|Any CPU
		{71FCAC53-740D-42D8-A737-391F94412953}.Release|Any CPU.ActiveCfg = Release|Any CPU
		{71FCAC53-740D-42D8-A737-391F94412953}.Release|Any CPU.Build.0 = Release|Any CPU
		{E4A0DD07-AC04-4E5F-AAA8-833A4F9D3CDF}.Debug|Any CPU.ActiveCfg = Debug|Any CPU
		{E4A0DD07-AC04-4E5F-AAA8-833A4F9D3CDF}.Debug|Any CPU.Build.0 = Debug|Any CPU
		{E4A0DD07-AC04-4E5F-AAA8-833A4F9D3CDF}.Release|Any CPU.ActiveCfg = Release|Any CPU
		{E4A0DD07-AC04-4E5F-AAA8-833A4F9D3CDF}.Release|Any CPU.Build.0 = Release|Any CPU
		{9DD78A1E-BDD4-4DA0-9C9B-6CB5CFDC56A2}.Debug|Any CPU.ActiveCfg = Debug|Any CPU
		{9DD78A1E-BDD4-4DA0-9C9B-6CB5CFDC56A2}.Debug|Any CPU.Build.0 = Debug|Any CPU
		{9DD78A1E-BDD4-4DA0-9C9B-6CB5CFDC56A2}.Release|Any CPU.ActiveCfg = Release|Any CPU
		{9DD78A1E-BDD4-4DA0-9C9B-6CB5CFDC56A2}.Release|Any CPU.Build.0 = Release|Any CPU
		{87544D93-BA6E-4698-8AC1-0583FB2061DB}.Debug|Any CPU.ActiveCfg = Debug|Any CPU
		{87544D93-BA6E-4698-8AC1-0583FB2061DB}.Debug|Any CPU.Build.0 = Debug|Any CPU
		{87544D93-BA6E-4698-8AC1-0583FB2061DB}.Release|Any CPU.ActiveCfg = Release|Any CPU
		{87544D93-BA6E-4698-8AC1-0583FB2061DB}.Release|Any CPU.Build.0 = Release|Any CPU
		{2DAAB9D7-D12A-41C5-957E-5F2EA3FB23DE}.Debug|Any CPU.ActiveCfg = Debug|Any CPU
		{2DAAB9D7-D12A-41C5-957E-5F2EA3FB23DE}.Debug|Any CPU.Build.0 = Debug|Any CPU
		{2DAAB9D7-D12A-41C5-957E-5F2EA3FB23DE}.Release|Any CPU.ActiveCfg = Release|Any CPU
		{2DAAB9D7-D12A-41C5-957E-5F2EA3FB23DE}.Release|Any CPU.Build.0 = Release|Any CPU
		{5B449777-A90A-4B73-973D-D82CC6F23C59}.Debug|Any CPU.ActiveCfg = Debug|Any CPU
		{5B449777-A90A-4B73-973D-D82CC6F23C59}.Debug|Any CPU.Build.0 = Debug|Any CPU
		{5B449777-A90A-4B73-973D-D82CC6F23C59}.Release|Any CPU.ActiveCfg = Release|Any CPU
		{5B449777-A90A-4B73-973D-D82CC6F23C59}.Release|Any CPU.Build.0 = Release|Any CPU
		{92FEC33E-9B66-4880-8723-0020F10FD85E}.Debug|Any CPU.ActiveCfg = Debug|Any CPU
		{92FEC33E-9B66-4880-8723-0020F10FD85E}.Debug|Any CPU.Build.0 = Debug|Any CPU
		{92FEC33E-9B66-4880-8723-0020F10FD85E}.Release|Any CPU.ActiveCfg = Release|Any CPU
		{92FEC33E-9B66-4880-8723-0020F10FD85E}.Release|Any CPU.Build.0 = Release|Any CPU
		{7899507B-6437-4E08-8181-F739A861BE45}.Debug|Any CPU.ActiveCfg = Debug|Any CPU
		{7899507B-6437-4E08-8181-F739A861BE45}.Debug|Any CPU.Build.0 = Debug|Any CPU
		{7899507B-6437-4E08-8181-F739A861BE45}.Release|Any CPU.ActiveCfg = Release|Any CPU
		{7899507B-6437-4E08-8181-F739A861BE45}.Release|Any CPU.Build.0 = Release|Any CPU
		{E103BE27-9229-423D-B8D2-31BA72CC8795}.Debug|Any CPU.ActiveCfg = Debug|Any CPU
		{E103BE27-9229-423D-B8D2-31BA72CC8795}.Debug|Any CPU.Build.0 = Debug|Any CPU
		{E103BE27-9229-423D-B8D2-31BA72CC8795}.Release|Any CPU.ActiveCfg = Release|Any CPU
		{E103BE27-9229-423D-B8D2-31BA72CC8795}.Release|Any CPU.Build.0 = Release|Any CPU
		{BA8C79EC-595E-448A-987F-0C185B579C24}.Debug|Any CPU.ActiveCfg = Debug|Any CPU
		{BA8C79EC-595E-448A-987F-0C185B579C24}.Debug|Any CPU.Build.0 = Debug|Any CPU
		{BA8C79EC-595E-448A-987F-0C185B579C24}.Release|Any CPU.ActiveCfg = Release|Any CPU
		{BA8C79EC-595E-448A-987F-0C185B579C24}.Release|Any CPU.Build.0 = Release|Any CPU
		{997DB167-4944-4D5D-9464-A7D8ACB4261C}.Debug|Any CPU.ActiveCfg = Debug|Any CPU
		{997DB167-4944-4D5D-9464-A7D8ACB4261C}.Debug|Any CPU.Build.0 = Debug|Any CPU
		{997DB167-4944-4D5D-9464-A7D8ACB4261C}.Release|Any CPU.ActiveCfg = Release|Any CPU
		{997DB167-4944-4D5D-9464-A7D8ACB4261C}.Release|Any CPU.Build.0 = Release|Any CPU
		{E7723172-52AE-4872-A9A9-2F9D6B9F7634}.Debug|Any CPU.ActiveCfg = Debug|Any CPU
		{E7723172-52AE-4872-A9A9-2F9D6B9F7634}.Debug|Any CPU.Build.0 = Debug|Any CPU
		{E7723172-52AE-4872-A9A9-2F9D6B9F7634}.Release|Any CPU.ActiveCfg = Release|Any CPU
		{E7723172-52AE-4872-A9A9-2F9D6B9F7634}.Release|Any CPU.Build.0 = Release|Any CPU
		{E875662E-322C-4723-993E-48816BD96AAC}.Debug|Any CPU.ActiveCfg = Debug|Any CPU
		{E875662E-322C-4723-993E-48816BD96AAC}.Debug|Any CPU.Build.0 = Debug|Any CPU
		{E875662E-322C-4723-993E-48816BD96AAC}.Release|Any CPU.ActiveCfg = Release|Any CPU
		{E875662E-322C-4723-993E-48816BD96AAC}.Release|Any CPU.Build.0 = Release|Any CPU
		{63457CBA-EC49-4634-8C4A-71CC555E867A}.Debug|Any CPU.ActiveCfg = Debug|Any CPU
		{63457CBA-EC49-4634-8C4A-71CC555E867A}.Debug|Any CPU.Build.0 = Debug|Any CPU
		{63457CBA-EC49-4634-8C4A-71CC555E867A}.Release|Any CPU.ActiveCfg = Release|Any CPU
		{63457CBA-EC49-4634-8C4A-71CC555E867A}.Release|Any CPU.Build.0 = Release|Any CPU
		{8B934763-A581-45AC-AA98-D87EF9AFB296}.Debug|Any CPU.ActiveCfg = Debug|Any CPU
		{8B934763-A581-45AC-AA98-D87EF9AFB296}.Debug|Any CPU.Build.0 = Debug|Any CPU
		{8B934763-A581-45AC-AA98-D87EF9AFB296}.Release|Any CPU.ActiveCfg = Release|Any CPU
		{8B934763-A581-45AC-AA98-D87EF9AFB296}.Release|Any CPU.Build.0 = Release|Any CPU
		{43E9A7F9-7733-4557-9565-52C86F6BC0A2}.Debug|Any CPU.ActiveCfg = Debug|Any CPU
		{43E9A7F9-7733-4557-9565-52C86F6BC0A2}.Debug|Any CPU.Build.0 = Debug|Any CPU
		{43E9A7F9-7733-4557-9565-52C86F6BC0A2}.Release|Any CPU.ActiveCfg = Release|Any CPU
		{43E9A7F9-7733-4557-9565-52C86F6BC0A2}.Release|Any CPU.Build.0 = Release|Any CPU
		{B2873E94-6917-47E9-B791-A27D3F991748}.Debug|Any CPU.ActiveCfg = Debug|Any CPU
		{B2873E94-6917-47E9-B791-A27D3F991748}.Debug|Any CPU.Build.0 = Debug|Any CPU
		{B2873E94-6917-47E9-B791-A27D3F991748}.Release|Any CPU.ActiveCfg = Release|Any CPU
		{B2873E94-6917-47E9-B791-A27D3F991748}.Release|Any CPU.Build.0 = Release|Any CPU
		{35431CA8-0200-41C5-A445-49555BF09C93}.Debug|Any CPU.ActiveCfg = Debug|Any CPU
		{35431CA8-0200-41C5-A445-49555BF09C93}.Debug|Any CPU.Build.0 = Debug|Any CPU
		{35431CA8-0200-41C5-A445-49555BF09C93}.Release|Any CPU.ActiveCfg = Release|Any CPU
		{35431CA8-0200-41C5-A445-49555BF09C93}.Release|Any CPU.Build.0 = Release|Any CPU
		{A518ED25-7443-4442-930D-1743532CB932}.Debug|Any CPU.ActiveCfg = Debug|Any CPU
		{A518ED25-7443-4442-930D-1743532CB932}.Debug|Any CPU.Build.0 = Debug|Any CPU
		{A518ED25-7443-4442-930D-1743532CB932}.Release|Any CPU.ActiveCfg = Release|Any CPU
		{A518ED25-7443-4442-930D-1743532CB932}.Release|Any CPU.Build.0 = Release|Any CPU
		{9B4C2F2F-690C-4473-B424-D9CE4EE85220}.Debug|Any CPU.ActiveCfg = Debug|Any CPU
		{9B4C2F2F-690C-4473-B424-D9CE4EE85220}.Debug|Any CPU.Build.0 = Debug|Any CPU
		{9B4C2F2F-690C-4473-B424-D9CE4EE85220}.Release|Any CPU.ActiveCfg = Release|Any CPU
		{9B4C2F2F-690C-4473-B424-D9CE4EE85220}.Release|Any CPU.Build.0 = Release|Any CPU
		{28F1F0A1-D176-4CCE-865C-25F73C763DD6}.Debug|Any CPU.ActiveCfg = Debug|Any CPU
		{28F1F0A1-D176-4CCE-865C-25F73C763DD6}.Debug|Any CPU.Build.0 = Debug|Any CPU
		{28F1F0A1-D176-4CCE-865C-25F73C763DD6}.Release|Any CPU.ActiveCfg = Release|Any CPU
		{28F1F0A1-D176-4CCE-865C-25F73C763DD6}.Release|Any CPU.Build.0 = Release|Any CPU
		{5476D2FE-4CAD-4EC6-A830-CB20962FACE9}.Debug|Any CPU.ActiveCfg = Debug|Any CPU
		{5476D2FE-4CAD-4EC6-A830-CB20962FACE9}.Debug|Any CPU.Build.0 = Debug|Any CPU
		{5476D2FE-4CAD-4EC6-A830-CB20962FACE9}.Release|Any CPU.ActiveCfg = Release|Any CPU
		{5476D2FE-4CAD-4EC6-A830-CB20962FACE9}.Release|Any CPU.Build.0 = Release|Any CPU
		{C089872B-B222-426F-B051-3173D0775BA9}.Debug|Any CPU.ActiveCfg = Debug|Any CPU
		{C089872B-B222-426F-B051-3173D0775BA9}.Debug|Any CPU.Build.0 = Debug|Any CPU
		{C089872B-B222-426F-B051-3173D0775BA9}.Release|Any CPU.ActiveCfg = Release|Any CPU
		{C089872B-B222-426F-B051-3173D0775BA9}.Release|Any CPU.Build.0 = Release|Any CPU
		{DD330BCA-2FBC-4703-B25A-FEE7FA6B0AC8}.Debug|Any CPU.ActiveCfg = Debug|Any CPU
		{DD330BCA-2FBC-4703-B25A-FEE7FA6B0AC8}.Debug|Any CPU.Build.0 = Debug|Any CPU
		{DD330BCA-2FBC-4703-B25A-FEE7FA6B0AC8}.Release|Any CPU.ActiveCfg = Release|Any CPU
		{DD330BCA-2FBC-4703-B25A-FEE7FA6B0AC8}.Release|Any CPU.Build.0 = Release|Any CPU
		{C2BF9152-E1B1-4AF4-B72E-48C895DA6CC0}.Debug|Any CPU.ActiveCfg = Debug|Any CPU
		{C2BF9152-E1B1-4AF4-B72E-48C895DA6CC0}.Debug|Any CPU.Build.0 = Debug|Any CPU
		{C2BF9152-E1B1-4AF4-B72E-48C895DA6CC0}.Release|Any CPU.ActiveCfg = Release|Any CPU
		{C2BF9152-E1B1-4AF4-B72E-48C895DA6CC0}.Release|Any CPU.Build.0 = Release|Any CPU
		{6F38CDB6-6F7D-4025-AF99-B2B109D8628C}.Debug|Any CPU.ActiveCfg = Debug|Any CPU
		{6F38CDB6-6F7D-4025-AF99-B2B109D8628C}.Debug|Any CPU.Build.0 = Debug|Any CPU
		{6F38CDB6-6F7D-4025-AF99-B2B109D8628C}.Release|Any CPU.ActiveCfg = Release|Any CPU
		{6F38CDB6-6F7D-4025-AF99-B2B109D8628C}.Release|Any CPU.Build.0 = Release|Any CPU
		{ADD9A35E-22EE-4B9B-9A29-D11DC618B3F7}.Debug|Any CPU.ActiveCfg = Debug|Any CPU
		{ADD9A35E-22EE-4B9B-9A29-D11DC618B3F7}.Debug|Any CPU.Build.0 = Debug|Any CPU
		{ADD9A35E-22EE-4B9B-9A29-D11DC618B3F7}.Release|Any CPU.ActiveCfg = Release|Any CPU
		{ADD9A35E-22EE-4B9B-9A29-D11DC618B3F7}.Release|Any CPU.Build.0 = Release|Any CPU
		{6BCA4CC9-7D9F-4008-9BEF-F9BE087D08A8}.Debug|Any CPU.ActiveCfg = Debug|Any CPU
		{6BCA4CC9-7D9F-4008-9BEF-F9BE087D08A8}.Debug|Any CPU.Build.0 = Debug|Any CPU
		{6BCA4CC9-7D9F-4008-9BEF-F9BE087D08A8}.Release|Any CPU.ActiveCfg = Release|Any CPU
		{6BCA4CC9-7D9F-4008-9BEF-F9BE087D08A8}.Release|Any CPU.Build.0 = Release|Any CPU
		{4103FDFF-C465-40E9-A141-B0A3585D00C3}.Debug|Any CPU.ActiveCfg = Debug|Any CPU
		{4103FDFF-C465-40E9-A141-B0A3585D00C3}.Debug|Any CPU.Build.0 = Debug|Any CPU
		{4103FDFF-C465-40E9-A141-B0A3585D00C3}.Release|Any CPU.ActiveCfg = Release|Any CPU
		{4103FDFF-C465-40E9-A141-B0A3585D00C3}.Release|Any CPU.Build.0 = Release|Any CPU
		{37158760-0292-4C39-8E62-1498BE0422A0}.Debug|Any CPU.ActiveCfg = Debug|Any CPU
		{37158760-0292-4C39-8E62-1498BE0422A0}.Debug|Any CPU.Build.0 = Debug|Any CPU
		{37158760-0292-4C39-8E62-1498BE0422A0}.Release|Any CPU.ActiveCfg = Release|Any CPU
		{37158760-0292-4C39-8E62-1498BE0422A0}.Release|Any CPU.Build.0 = Release|Any CPU
		{12668199-9BC3-49FB-B3A2-3DDCC0CD761B}.Debug|Any CPU.ActiveCfg = Debug|Any CPU
		{12668199-9BC3-49FB-B3A2-3DDCC0CD761B}.Debug|Any CPU.Build.0 = Debug|Any CPU
		{12668199-9BC3-49FB-B3A2-3DDCC0CD761B}.Release|Any CPU.ActiveCfg = Release|Any CPU
		{12668199-9BC3-49FB-B3A2-3DDCC0CD761B}.Release|Any CPU.Build.0 = Release|Any CPU
		{4A5934AB-2B64-46D3-8418-F140132F9A6E}.Debug|Any CPU.ActiveCfg = Debug|Any CPU
		{4A5934AB-2B64-46D3-8418-F140132F9A6E}.Debug|Any CPU.Build.0 = Debug|Any CPU
		{4A5934AB-2B64-46D3-8418-F140132F9A6E}.Release|Any CPU.ActiveCfg = Release|Any CPU
		{4A5934AB-2B64-46D3-8418-F140132F9A6E}.Release|Any CPU.Build.0 = Release|Any CPU
		{A3A94A9C-F0F4-45A7-9954-2954B6267554}.Debug|Any CPU.ActiveCfg = Debug|Any CPU
		{A3A94A9C-F0F4-45A7-9954-2954B6267554}.Debug|Any CPU.Build.0 = Debug|Any CPU
		{A3A94A9C-F0F4-45A7-9954-2954B6267554}.Release|Any CPU.ActiveCfg = Release|Any CPU
		{A3A94A9C-F0F4-45A7-9954-2954B6267554}.Release|Any CPU.Build.0 = Release|Any CPU
		{3BAFE2A7-37C8-40F1-8BDE-E036010A5006}.Debug|Any CPU.ActiveCfg = Debug|Any CPU
		{3BAFE2A7-37C8-40F1-8BDE-E036010A5006}.Debug|Any CPU.Build.0 = Debug|Any CPU
		{3BAFE2A7-37C8-40F1-8BDE-E036010A5006}.Release|Any CPU.ActiveCfg = Release|Any CPU
		{3BAFE2A7-37C8-40F1-8BDE-E036010A5006}.Release|Any CPU.Build.0 = Release|Any CPU
		{8539C534-8EE3-41EA-BD27-D152B9480579}.Debug|Any CPU.ActiveCfg = Debug|Any CPU
		{8539C534-8EE3-41EA-BD27-D152B9480579}.Debug|Any CPU.Build.0 = Debug|Any CPU
		{8539C534-8EE3-41EA-BD27-D152B9480579}.Release|Any CPU.ActiveCfg = Release|Any CPU
		{8539C534-8EE3-41EA-BD27-D152B9480579}.Release|Any CPU.Build.0 = Release|Any CPU
		{99891D88-4369-4E97-93B8-BC5C0B7E8287}.Debug|Any CPU.ActiveCfg = Debug|Any CPU
		{99891D88-4369-4E97-93B8-BC5C0B7E8287}.Debug|Any CPU.Build.0 = Debug|Any CPU
		{99891D88-4369-4E97-93B8-BC5C0B7E8287}.Release|Any CPU.ActiveCfg = Release|Any CPU
		{99891D88-4369-4E97-93B8-BC5C0B7E8287}.Release|Any CPU.Build.0 = Release|Any CPU
		{0223FF40-0410-4454-9868-42297E3D67D2}.Debug|Any CPU.ActiveCfg = Debug|Any CPU
		{0223FF40-0410-4454-9868-42297E3D67D2}.Debug|Any CPU.Build.0 = Debug|Any CPU
		{0223FF40-0410-4454-9868-42297E3D67D2}.Release|Any CPU.ActiveCfg = Release|Any CPU
		{0223FF40-0410-4454-9868-42297E3D67D2}.Release|Any CPU.Build.0 = Release|Any CPU
		{5B28BBF2-75FD-48DF-8588-BFBC794AC2AE}.Debug|Any CPU.ActiveCfg = Debug|Any CPU
		{5B28BBF2-75FD-48DF-8588-BFBC794AC2AE}.Debug|Any CPU.Build.0 = Debug|Any CPU
		{5B28BBF2-75FD-48DF-8588-BFBC794AC2AE}.Release|Any CPU.ActiveCfg = Release|Any CPU
		{5B28BBF2-75FD-48DF-8588-BFBC794AC2AE}.Release|Any CPU.Build.0 = Release|Any CPU
		{FC4EE284-CD35-4D16-AC36-9A6D838C9C58}.Debug|Any CPU.ActiveCfg = Debug|Any CPU
		{FC4EE284-CD35-4D16-AC36-9A6D838C9C58}.Debug|Any CPU.Build.0 = Debug|Any CPU
		{FC4EE284-CD35-4D16-AC36-9A6D838C9C58}.Release|Any CPU.ActiveCfg = Release|Any CPU
		{FC4EE284-CD35-4D16-AC36-9A6D838C9C58}.Release|Any CPU.Build.0 = Release|Any CPU
		{8F4B981B-A9A1-4D67-B39D-9B7E14726EF3}.Debug|Any CPU.ActiveCfg = Debug|Any CPU
		{8F4B981B-A9A1-4D67-B39D-9B7E14726EF3}.Debug|Any CPU.Build.0 = Debug|Any CPU
		{8F4B981B-A9A1-4D67-B39D-9B7E14726EF3}.Release|Any CPU.ActiveCfg = Release|Any CPU
		{8F4B981B-A9A1-4D67-B39D-9B7E14726EF3}.Release|Any CPU.Build.0 = Release|Any CPU
		{CB8E2F7A-363D-4EA6-BA13-296D8431842C}.Debug|Any CPU.ActiveCfg = Debug|Any CPU
		{CB8E2F7A-363D-4EA6-BA13-296D8431842C}.Debug|Any CPU.Build.0 = Debug|Any CPU
		{CB8E2F7A-363D-4EA6-BA13-296D8431842C}.Release|Any CPU.ActiveCfg = Release|Any CPU
		{CB8E2F7A-363D-4EA6-BA13-296D8431842C}.Release|Any CPU.Build.0 = Release|Any CPU
		{2D45DB85-EC15-4542-834D-80E3B0EBF906}.Debug|Any CPU.ActiveCfg = Debug|Any CPU
		{2D45DB85-EC15-4542-834D-80E3B0EBF906}.Debug|Any CPU.Build.0 = Debug|Any CPU
		{2D45DB85-EC15-4542-834D-80E3B0EBF906}.Release|Any CPU.ActiveCfg = Release|Any CPU
		{2D45DB85-EC15-4542-834D-80E3B0EBF906}.Release|Any CPU.Build.0 = Release|Any CPU
		{610E78B1-3BEA-4CE7-9C0D-F9A8E5FAD63F}.Debug|Any CPU.ActiveCfg = Debug|Any CPU
		{610E78B1-3BEA-4CE7-9C0D-F9A8E5FAD63F}.Debug|Any CPU.Build.0 = Debug|Any CPU
		{610E78B1-3BEA-4CE7-9C0D-F9A8E5FAD63F}.Release|Any CPU.ActiveCfg = Release|Any CPU
		{610E78B1-3BEA-4CE7-9C0D-F9A8E5FAD63F}.Release|Any CPU.Build.0 = Release|Any CPU
		{986E6DE6-911A-42A5-A7D8-EA8011C3FA2E}.Debug|Any CPU.ActiveCfg = Debug|Any CPU
		{986E6DE6-911A-42A5-A7D8-EA8011C3FA2E}.Debug|Any CPU.Build.0 = Debug|Any CPU
		{986E6DE6-911A-42A5-A7D8-EA8011C3FA2E}.Release|Any CPU.ActiveCfg = Release|Any CPU
		{986E6DE6-911A-42A5-A7D8-EA8011C3FA2E}.Release|Any CPU.Build.0 = Release|Any CPU
		{163FA3F1-39CC-4601-907C-E43D5DC25B2A}.Debug|Any CPU.ActiveCfg = Debug|Any CPU
		{163FA3F1-39CC-4601-907C-E43D5DC25B2A}.Debug|Any CPU.Build.0 = Debug|Any CPU
		{163FA3F1-39CC-4601-907C-E43D5DC25B2A}.Release|Any CPU.ActiveCfg = Release|Any CPU
		{163FA3F1-39CC-4601-907C-E43D5DC25B2A}.Release|Any CPU.Build.0 = Release|Any CPU
		{EA911EE2-1126-4CF8-A5B4-62CE076AF13F}.Debug|Any CPU.ActiveCfg = Debug|Any CPU
		{EA911EE2-1126-4CF8-A5B4-62CE076AF13F}.Debug|Any CPU.Build.0 = Debug|Any CPU
		{EA911EE2-1126-4CF8-A5B4-62CE076AF13F}.Release|Any CPU.ActiveCfg = Release|Any CPU
		{EA911EE2-1126-4CF8-A5B4-62CE076AF13F}.Release|Any CPU.Build.0 = Release|Any CPU
		{C20BACD2-0DD0-4521-B2C3-A105899AC09A}.Debug|Any CPU.ActiveCfg = Debug|Any CPU
		{C20BACD2-0DD0-4521-B2C3-A105899AC09A}.Debug|Any CPU.Build.0 = Debug|Any CPU
		{C20BACD2-0DD0-4521-B2C3-A105899AC09A}.Release|Any CPU.ActiveCfg = Release|Any CPU
		{C20BACD2-0DD0-4521-B2C3-A105899AC09A}.Release|Any CPU.Build.0 = Release|Any CPU
		{64D8360E-EF3F-4877-AA5E-1FFB0BE812DA}.Debug|Any CPU.ActiveCfg = Debug|Any CPU
		{64D8360E-EF3F-4877-AA5E-1FFB0BE812DA}.Debug|Any CPU.Build.0 = Debug|Any CPU
		{64D8360E-EF3F-4877-AA5E-1FFB0BE812DA}.Release|Any CPU.ActiveCfg = Release|Any CPU
		{64D8360E-EF3F-4877-AA5E-1FFB0BE812DA}.Release|Any CPU.Build.0 = Release|Any CPU
	EndGlobalSection
	GlobalSection(SolutionProperties) = preSolution
		HideSolutionNode = FALSE
	EndGlobalSection
	GlobalSection(NestedProjects) = preSolution
		{A11C7925-1DE6-4130-B2E4-97197AADA437} = {16F5D12D-4341-4700-834C-677813B748C3}
		{48359414-1857-40AD-84CB-3648C2134258} = {16F5D12D-4341-4700-834C-677813B748C3}
		{DC4861CF-3EEE-4FF4-A46A-B1F5832C4824} = {16F5D12D-4341-4700-834C-677813B748C3}
		{A469B669-BCB8-44E4-B95F-89AE156308B8} = {72FE8F68-A148-45A2-91D4-A2EE776BDF3A}
		{6B653D6A-D198-44A6-AA5F-A973D7E95D17} = {72FE8F68-A148-45A2-91D4-A2EE776BDF3A}
		{09BB9B99-1C3E-4894-B2AD-1F2840ADB164} = {72FE8F68-A148-45A2-91D4-A2EE776BDF3A}
		{BF260B68-4FA2-4A5C-BA89-5F785694111C} = {72FE8F68-A148-45A2-91D4-A2EE776BDF3A}
		{B11A4798-32EC-4682-81AC-78F43B3ABA56} = {F531DE4C-1482-4CB9-8337-D9B8CA623A71}
		{5EBD1454-C0C6-4351-8A3F-E27F762A1556} = {F531DE4C-1482-4CB9-8337-D9B8CA623A71}
		{003F1CD2-4DBE-4E17-9F63-825CFCF22A34} = {90712935-0012-4ECC-8DB9-6428BD0F3997}
		{84E4CAA6-A1E3-442B-988A-269AD7D060B6} = {90712935-0012-4ECC-8DB9-6428BD0F3997}
		{FFA2F486-4476-4A85-A52E-A4EB7D40118D} = {17E97854-1EAC-4463-B345-4B235B43D9B4}
		{DDEFD61A-F4EF-4934-BD46-2CEF3C8D358E} = {A66E635C-51D4-47D7-A22A-1A90293DDB56}
		{4A4677B9-7946-4B24-B630-5AAE58760333} = {17E97854-1EAC-4463-B345-4B235B43D9B4}
		{5ED3ABC7-D3E3-4A24-8833-42BB0869D55C} = {72FE8F68-A148-45A2-91D4-A2EE776BDF3A}
		{1CCFFE65-C40B-4883-919F-018C44244698} = {16F5D12D-4341-4700-834C-677813B748C3}
		{624255F1-08C7-4A21-B061-C92DBA99C420} = {4B8E71A6-12DB-4400-8FFE-724E21D9A10D}
		{D893CFC3-67E2-46D8-9FCE-5CDE4A4A843F} = {4B8E71A6-12DB-4400-8FFE-724E21D9A10D}
		{3A4F9A49-0495-44B7-A164-81A51504B33F} = {4B8E71A6-12DB-4400-8FFE-724E21D9A10D}
		{D5BFCC88-A7C6-4904-85DB-63201818EDBD} = {4B8E71A6-12DB-4400-8FFE-724E21D9A10D}
		{82CA9A3C-4FB7-47ED-A3BD-09A50074F898} = {4B8E71A6-12DB-4400-8FFE-724E21D9A10D}
		{D60AF330-1189-4DA3-B0E4-A38A66D6E4C2} = {4B8E71A6-12DB-4400-8FFE-724E21D9A10D}
		{C4742ECF-7AE2-416E-BAA1-76778AC1D331} = {4B8E71A6-12DB-4400-8FFE-724E21D9A10D}
		{A22BBF3D-EC19-4824-9936-23ACB1D8686D} = {4B8E71A6-12DB-4400-8FFE-724E21D9A10D}
		{850A9594-793B-4735-B890-53075122A783} = {4B8E71A6-12DB-4400-8FFE-724E21D9A10D}
		{EA597B9D-E8D6-4DC0-84B1-A0667EAEF1BE} = {A34E579D-3288-46F4-BD38-B00A328E6F7E}
		{A90B4D0F-6ACA-426C-B411-0FCE7895F6C7} = {17E97854-1EAC-4463-B345-4B235B43D9B4}
		{4C1CA575-91AE-44C9-A9CC-EDEAEC95058C} = {17E97854-1EAC-4463-B345-4B235B43D9B4}
		{B90E8FCF-D81D-4054-BE97-77FB992383E2} = {17E97854-1EAC-4463-B345-4B235B43D9B4}
		{5B1A3D2E-94EF-4900-B494-9CBC4BFCA0A6} = {17E97854-1EAC-4463-B345-4B235B43D9B4}
		{016CF515-C581-48DA-A9B3-E8C9E7733FC1} = {5C264BD3-4F9B-431D-818B-34E3932CB52B}
		{30034CCD-D7DE-43AB-8DE5-97B43ABD67FE} = {5C264BD3-4F9B-431D-818B-34E3932CB52B}
		{ADD31DA6-2267-4D95-8968-BC4D97388E33} = {5C264BD3-4F9B-431D-818B-34E3932CB52B}
		{A8B1D02F-163B-450E-823F-482238DDCCB6} = {5C264BD3-4F9B-431D-818B-34E3932CB52B}
		{058F1991-07D5-4659-A0CB-3563EBAC0F4A} = {5C264BD3-4F9B-431D-818B-34E3932CB52B}
		{8DA12F8C-C97E-4D1A-A07C-25D154EDB7D0} = {7A23981B-DEFA-47BA-885B-12EE31F16F69}
		{71FCAC53-740D-42D8-A737-391F94412953} = {8DA12F8C-C97E-4D1A-A07C-25D154EDB7D0}
		{E4A0DD07-AC04-4E5F-AAA8-833A4F9D3CDF} = {17E97854-1EAC-4463-B345-4B235B43D9B4}
		{9DD78A1E-BDD4-4DA0-9C9B-6CB5CFDC56A2} = {17E97854-1EAC-4463-B345-4B235B43D9B4}
		{87544D93-BA6E-4698-8AC1-0583FB2061DB} = {17E97854-1EAC-4463-B345-4B235B43D9B4}
		{2DAAB9D7-D12A-41C5-957E-5F2EA3FB23DE} = {17E97854-1EAC-4463-B345-4B235B43D9B4}
		{5B449777-A90A-4B73-973D-D82CC6F23C59} = {17E97854-1EAC-4463-B345-4B235B43D9B4}
		{92FEC33E-9B66-4880-8723-0020F10FD85E} = {17E97854-1EAC-4463-B345-4B235B43D9B4}
		{7899507B-6437-4E08-8181-F739A861BE45} = {8DA12F8C-C97E-4D1A-A07C-25D154EDB7D0}
		{E103BE27-9229-423D-B8D2-31BA72CC8795} = {8DA12F8C-C97E-4D1A-A07C-25D154EDB7D0}
		{BA8C79EC-595E-448A-987F-0C185B579C24} = {17E97854-1EAC-4463-B345-4B235B43D9B4}
		{997DB167-4944-4D5D-9464-A7D8ACB4261C} = {4B8E71A6-12DB-4400-8FFE-724E21D9A10D}
		{E7723172-52AE-4872-A9A9-2F9D6B9F7634} = {A34E579D-3288-46F4-BD38-B00A328E6F7E}
		{E875662E-322C-4723-993E-48816BD96AAC} = {8DA12F8C-C97E-4D1A-A07C-25D154EDB7D0}
		{7A72DE1B-2236-4222-B664-9767445A7BA8} = {7A23981B-DEFA-47BA-885B-12EE31F16F69}
		{63457CBA-EC49-4634-8C4A-71CC555E867A} = {7A72DE1B-2236-4222-B664-9767445A7BA8}
		{8B934763-A581-45AC-AA98-D87EF9AFB296} = {7A72DE1B-2236-4222-B664-9767445A7BA8}
		{43E9A7F9-7733-4557-9565-52C86F6BC0A2} = {F531DE4C-1482-4CB9-8337-D9B8CA623A71}
		{B2873E94-6917-47E9-B791-A27D3F991748} = {F531DE4C-1482-4CB9-8337-D9B8CA623A71}
		{35431CA8-0200-41C5-A445-49555BF09C93} = {7A72DE1B-2236-4222-B664-9767445A7BA8}
		{A518ED25-7443-4442-930D-1743532CB932} = {7A72DE1B-2236-4222-B664-9767445A7BA8}
		{9B4C2F2F-690C-4473-B424-D9CE4EE85220} = {7A72DE1B-2236-4222-B664-9767445A7BA8}
		{28F1F0A1-D176-4CCE-865C-25F73C763DD6} = {7A72DE1B-2236-4222-B664-9767445A7BA8}
		{5476D2FE-4CAD-4EC6-A830-CB20962FACE9} = {7A72DE1B-2236-4222-B664-9767445A7BA8}
		{C089872B-B222-426F-B051-3173D0775BA9} = {F531DE4C-1482-4CB9-8337-D9B8CA623A71}
		{DD330BCA-2FBC-4703-B25A-FEE7FA6B0AC8} = {F531DE4C-1482-4CB9-8337-D9B8CA623A71}
		{C2BF9152-E1B1-4AF4-B72E-48C895DA6CC0} = {5C264BD3-4F9B-431D-818B-34E3932CB52B}
		{6F38CDB6-6F7D-4025-AF99-B2B109D8628C} = {F531DE4C-1482-4CB9-8337-D9B8CA623A71}
		{ADD9A35E-22EE-4B9B-9A29-D11DC618B3F7} = {5C264BD3-4F9B-431D-818B-34E3932CB52B}
		{6BCA4CC9-7D9F-4008-9BEF-F9BE087D08A8} = {5C264BD3-4F9B-431D-818B-34E3932CB52B}
		{E3D1DD24-0F15-4044-9F9A-29EAB5A6D2DF} = {7A23981B-DEFA-47BA-885B-12EE31F16F69}
		{4103FDFF-C465-40E9-A141-B0A3585D00C3} = {E3D1DD24-0F15-4044-9F9A-29EAB5A6D2DF}
		{37158760-0292-4C39-8E62-1498BE0422A0} = {E3D1DD24-0F15-4044-9F9A-29EAB5A6D2DF}
		{12668199-9BC3-49FB-B3A2-3DDCC0CD761B} = {E3D1DD24-0F15-4044-9F9A-29EAB5A6D2DF}
		{4A5934AB-2B64-46D3-8418-F140132F9A6E} = {E3D1DD24-0F15-4044-9F9A-29EAB5A6D2DF}
		{8DBDFF18-A042-43E0-8995-170160DA943D} = {7A23981B-DEFA-47BA-885B-12EE31F16F69}
		{A3A94A9C-F0F4-45A7-9954-2954B6267554} = {8DBDFF18-A042-43E0-8995-170160DA943D}
		{3BAFE2A7-37C8-40F1-8BDE-E036010A5006} = {8DBDFF18-A042-43E0-8995-170160DA943D}
		{8539C534-8EE3-41EA-BD27-D152B9480579} = {8DBDFF18-A042-43E0-8995-170160DA943D}
		{99891D88-4369-4E97-93B8-BC5C0B7E8287} = {8DBDFF18-A042-43E0-8995-170160DA943D}
		{0223FF40-0410-4454-9868-42297E3D67D2} = {8DBDFF18-A042-43E0-8995-170160DA943D}
		{5B28BBF2-75FD-48DF-8588-BFBC794AC2AE} = {72FE8F68-A148-45A2-91D4-A2EE776BDF3A}
		{FC4EE284-CD35-4D16-AC36-9A6D838C9C58} = {8DBDFF18-A042-43E0-8995-170160DA943D}
		{8F4B981B-A9A1-4D67-B39D-9B7E14726EF3} = {8DBDFF18-A042-43E0-8995-170160DA943D}
		{CB8E2F7A-363D-4EA6-BA13-296D8431842C} = {72FE8F68-A148-45A2-91D4-A2EE776BDF3A}
		{2D45DB85-EC15-4542-834D-80E3B0EBF906} = {17E97854-1EAC-4463-B345-4B235B43D9B4}
		{610E78B1-3BEA-4CE7-9C0D-F9A8E5FAD63F} = {17E97854-1EAC-4463-B345-4B235B43D9B4}
		{986E6DE6-911A-42A5-A7D8-EA8011C3FA2E} = {4B8E71A6-12DB-4400-8FFE-724E21D9A10D}
		{163FA3F1-39CC-4601-907C-E43D5DC25B2A} = {4B8E71A6-12DB-4400-8FFE-724E21D9A10D}
		{3ACD2D6C-9070-4001-A997-ACD9067E8433} = {5C264BD3-4F9B-431D-818B-34E3932CB52B}
		{2316C9AD-5F2F-4C37-81ED-D7BA010A11AF} = {3ACD2D6C-9070-4001-A997-ACD9067E8433}
		{EA911EE2-1126-4CF8-A5B4-62CE076AF13F} = {2316C9AD-5F2F-4C37-81ED-D7BA010A11AF}
		{56A2F8A5-2EBF-4096-9590-E5DFD51444BE} = {2316C9AD-5F2F-4C37-81ED-D7BA010A11AF}
		{C20BACD2-0DD0-4521-B2C3-A105899AC09A} = {56A2F8A5-2EBF-4096-9590-E5DFD51444BE}
		{64D8360E-EF3F-4877-AA5E-1FFB0BE812DA} = {56A2F8A5-2EBF-4096-9590-E5DFD51444BE}
	EndGlobalSection
	GlobalSection(ExtensibilityGlobals) = postSolution
		SolutionGuid = {5D121EDF-27DD-498F-AA04-1E1457937327}
	EndGlobalSection
EndGlobal
