
Microsoft Visual Studio Solution File, Format Version 12.00
# Visual Studio Version 16
VisualStudioVersion = 16.0.31129.286
MinimumVisualStudioVersion = 10.0.40219.1
Project("{2150E333-8FDC-42A3-9474-1A3956D46DE8}") = "Graph", "Graph", "{16F5D12D-4341-4700-834C-677813B748C3}"
EndProject
Project("{2150E333-8FDC-42A3-9474-1A3956D46DE8}") = "Tree", "Tree", "{72FE8F68-A148-45A2-91D4-A2EE776BDF3A}"
EndProject
Project("{2150E333-8FDC-42A3-9474-1A3956D46DE8}") = "SlidingWindow", "SlidingWindow", "{1D0DFF0B-8683-496D-93CF-3EE05C8D5FA2}"
EndProject
Project("{2150E333-8FDC-42A3-9474-1A3956D46DE8}") = "LinkedList", "LinkedList", "{F531DE4C-1482-4CB9-8337-D9B8CA623A71}"
EndProject
Project("{9A19103F-16F7-4668-BE54-9A1E7A4F7556}") = "CourseSchedule", "Graph\CourseSchedule\CourseSchedule.csproj", "{A11C7925-1DE6-4130-B2E4-97197AADA437}"
EndProject
Project("{9A19103F-16F7-4668-BE54-9A1E7A4F7556}") = "DoesPathExist", "Graph\DoesPathExist\DoesPathExist.csproj", "{48359414-1857-40AD-84CB-3648C2134258}"
EndProject
Project("{9A19103F-16F7-4668-BE54-9A1E7A4F7556}") = "GraphClone", "Graph\GraphClone\GraphClone.csproj", "{DC4861CF-3EEE-4FF4-A46A-B1F5832C4824}"
EndProject
Project("{9A19103F-16F7-4668-BE54-9A1E7A4F7556}") = "ReverseLinkedList", "LinkedList\ReverseLinkedList\ReverseLinkedList.csproj", "{C6918596-911F-44C3-8A70-8FAB28626792}"
EndProject
Project("{9A19103F-16F7-4668-BE54-9A1E7A4F7556}") = "MinSubArrayLen", "SlidingWindow\MinSubArrayLen\MinSubArrayLen.csproj", "{3E3FFEA1-B3D8-4884-9100-A035E1AC7E90}"
EndProject
Project("{9A19103F-16F7-4668-BE54-9A1E7A4F7556}") = "RepeatedDNASequences", "SlidingWindow\RepeatedDNASequences\RepeatedDNASequences.csproj", "{289D1D38-A3D6-46AD-B557-4998B7F074B2}"
EndProject
Project("{9A19103F-16F7-4668-BE54-9A1E7A4F7556}") = "TreeHeight", "Tree\TreeHeight\TreeHeight.csproj", "{A469B669-BCB8-44E4-B95F-89AE156308B8}"
EndProject
Project("{9A19103F-16F7-4668-BE54-9A1E7A4F7556}") = "SameTree", "Tree\SameTree\SameTree.csproj", "{6B653D6A-D198-44A6-AA5F-A973D7E95D17}"
EndProject
Project("{9A19103F-16F7-4668-BE54-9A1E7A4F7556}") = "IsSymmetric", "Tree\IsSymmetric\IsSymmetric.csproj", "{09BB9B99-1C3E-4894-B2AD-1F2840ADB164}"
EndProject
Project("{9A19103F-16F7-4668-BE54-9A1E7A4F7556}") = "InvertBinaryTree", "Tree\InvertBinaryTree\InvertBinaryTree.csproj", "{BF260B68-4FA2-4A5C-BA89-5F785694111C}"
EndProject
Project("{FAE04EC0-301F-11D3-BF4B-00C04F79EFBC}") = "Common", "Common\Common.csproj", "{10252F89-754E-45F7-B816-0C53268C07C1}"
EndProject
Project("{FAE04EC0-301F-11D3-BF4B-00C04F79EFBC}") = "MergeTwoSortedLists", "LinkedList\MergeTwoSortedLists\MergeTwoSortedLists.csproj", "{B11A4798-32EC-4682-81AC-78F43B3ABA56}"
EndProject
Project("{2150E333-8FDC-42A3-9474-1A3956D46DE8}") = "HashMap", "HashMap", "{90712935-0012-4ECC-8DB9-6428BD0F3997}"
EndProject
Project("{FAE04EC0-301F-11D3-BF4B-00C04F79EFBC}") = "AddTwoNumbers", "LinkedList\AddTwoNumbers\AddTwoNumbers.csproj", "{5EBD1454-C0C6-4351-8A3F-E27F762A1556}"
EndProject
Project("{2150E333-8FDC-42A3-9474-1A3956D46DE8}") = "Arrays", "Arrays", "{4B8E71A6-12DB-4400-8FFE-724E21D9A10D}"
EndProject
Project("{FAE04EC0-301F-11D3-BF4B-00C04F79EFBC}") = "IntegerToRoman", "HashMap\IntegerToRoman\IntegerToRoman.csproj", "{003F1CD2-4DBE-4E17-9F63-825CFCF22A34}"
EndProject
Project("{FAE04EC0-301F-11D3-BF4B-00C04F79EFBC}") = "RomanToInteger", "HashMap\RomanToInteger\RomanToInteger.csproj", "{84E4CAA6-A1E3-442B-988A-269AD7D060B6}"
EndProject
Project("{2150E333-8FDC-42A3-9474-1A3956D46DE8}") = "String", "String", "{17E97854-1EAC-4463-B345-4B235B43D9B4}"
EndProject
Project("{FAE04EC0-301F-11D3-BF4B-00C04F79EFBC}") = "LongestCommonPrefix", "String\LongestCommonPrefix\LongestCommonPrefix.csproj", "{FFA2F486-4476-4A85-A52E-A4EB7D40118D}"
EndProject
Project("{2150E333-8FDC-42A3-9474-1A3956D46DE8}") = "Sorting", "Sorting", "{A66E635C-51D4-47D7-A22A-1A90293DDB56}"
EndProject
Project("{FAE04EC0-301F-11D3-BF4B-00C04F79EFBC}") = "FindMedianTwoSortedArrays", "Sorting\FindMedianTwoSortedArrays\FindMedianTwoSortedArrays.csproj", "{DDEFD61A-F4EF-4934-BD46-2CEF3C8D358E}"
EndProject
Project("{FAE04EC0-301F-11D3-BF4B-00C04F79EFBC}") = "PalindromeNumber", "String\PalindromeNumber\PalindromeNumber.csproj", "{4A4677B9-7946-4B24-B630-5AAE58760333}"
EndProject
Project("{FAE04EC0-301F-11D3-BF4B-00C04F79EFBC}") = "LevelOrderTraversal", "Tree\LevelOrderTraversal\LevelOrderTraversal.csproj", "{5ED3ABC7-D3E3-4A24-8833-42BB0869D55C}"
EndProject
Project("{FAE04EC0-301F-11D3-BF4B-00C04F79EFBC}") = "BFS", "Graph\BFS\BFS.csproj", "{1CCFFE65-C40B-4883-919F-018C44244698}"
EndProject
Project("{FAE04EC0-301F-11D3-BF4B-00C04F79EFBC}") = "3Sum", "Arrays\3Sum\3Sum.csproj", "{624255F1-08C7-4A21-B061-C92DBA99C420}"
EndProject
Project("{FAE04EC0-301F-11D3-BF4B-00C04F79EFBC}") = "ContainerWithMostWater", "Arrays\ContainerWithMostWater\ContainerWithMostWater.csproj", "{D893CFC3-67E2-46D8-9FCE-5CDE4A4A843F}"
EndProject
Project("{FAE04EC0-301F-11D3-BF4B-00C04F79EFBC}") = "TwoSumII", "Arrays\TwoSumII\TwoSumII.csproj", "{3A4F9A49-0495-44B7-A164-81A51504B33F}"
EndProject
Project("{FAE04EC0-301F-11D3-BF4B-00C04F79EFBC}") = "TwoSum", "Arrays\TwoSum\TwoSum.csproj", "{D5BFCC88-A7C6-4904-85DB-63201818EDBD}"
EndProject
Project("{FAE04EC0-301F-11D3-BF4B-00C04F79EFBC}") = "MaximumSubarray", "Arrays\MaximumSubarray\MaximumSubarray.csproj", "{82CA9A3C-4FB7-47ED-A3BD-09A50074F898}"
EndProject
Project("{FAE04EC0-301F-11D3-BF4B-00C04F79EFBC}") = "ProductOfArrayExceptSelf", "Arrays\ProductOfArrayExceptSelf\ProductOfArrayExceptSelf.csproj", "{D60AF330-1189-4DA3-B0E4-A38A66D6E4C2}"
EndProject
Project("{FAE04EC0-301F-11D3-BF4B-00C04F79EFBC}") = "MaximumProductSubArray", "Arrays\MaximumProductSubArray\MaximumProductSubArray.csproj", "{C4742ECF-7AE2-416E-BAA1-76778AC1D331}"
EndProject
Global
	GlobalSection(SolutionConfigurationPlatforms) = preSolution
		Debug|Any CPU = Debug|Any CPU
		Release|Any CPU = Release|Any CPU
	EndGlobalSection
	GlobalSection(ProjectConfigurationPlatforms) = postSolution
		{A11C7925-1DE6-4130-B2E4-97197AADA437}.Debug|Any CPU.ActiveCfg = Debug|Any CPU
		{A11C7925-1DE6-4130-B2E4-97197AADA437}.Debug|Any CPU.Build.0 = Debug|Any CPU
		{A11C7925-1DE6-4130-B2E4-97197AADA437}.Release|Any CPU.ActiveCfg = Release|Any CPU
		{A11C7925-1DE6-4130-B2E4-97197AADA437}.Release|Any CPU.Build.0 = Release|Any CPU
		{48359414-1857-40AD-84CB-3648C2134258}.Debug|Any CPU.ActiveCfg = Debug|Any CPU
		{48359414-1857-40AD-84CB-3648C2134258}.Debug|Any CPU.Build.0 = Debug|Any CPU
		{48359414-1857-40AD-84CB-3648C2134258}.Release|Any CPU.ActiveCfg = Release|Any CPU
		{48359414-1857-40AD-84CB-3648C2134258}.Release|Any CPU.Build.0 = Release|Any CPU
		{DC4861CF-3EEE-4FF4-A46A-B1F5832C4824}.Debug|Any CPU.ActiveCfg = Debug|Any CPU
		{DC4861CF-3EEE-4FF4-A46A-B1F5832C4824}.Debug|Any CPU.Build.0 = Debug|Any CPU
		{DC4861CF-3EEE-4FF4-A46A-B1F5832C4824}.Release|Any CPU.ActiveCfg = Release|Any CPU
		{DC4861CF-3EEE-4FF4-A46A-B1F5832C4824}.Release|Any CPU.Build.0 = Release|Any CPU
		{C6918596-911F-44C3-8A70-8FAB28626792}.Debug|Any CPU.ActiveCfg = Debug|Any CPU
		{C6918596-911F-44C3-8A70-8FAB28626792}.Debug|Any CPU.Build.0 = Debug|Any CPU
		{C6918596-911F-44C3-8A70-8FAB28626792}.Release|Any CPU.ActiveCfg = Release|Any CPU
		{C6918596-911F-44C3-8A70-8FAB28626792}.Release|Any CPU.Build.0 = Release|Any CPU
		{3E3FFEA1-B3D8-4884-9100-A035E1AC7E90}.Debug|Any CPU.ActiveCfg = Debug|Any CPU
		{3E3FFEA1-B3D8-4884-9100-A035E1AC7E90}.Debug|Any CPU.Build.0 = Debug|Any CPU
		{3E3FFEA1-B3D8-4884-9100-A035E1AC7E90}.Release|Any CPU.ActiveCfg = Release|Any CPU
		{3E3FFEA1-B3D8-4884-9100-A035E1AC7E90}.Release|Any CPU.Build.0 = Release|Any CPU
		{289D1D38-A3D6-46AD-B557-4998B7F074B2}.Debug|Any CPU.ActiveCfg = Debug|Any CPU
		{289D1D38-A3D6-46AD-B557-4998B7F074B2}.Debug|Any CPU.Build.0 = Debug|Any CPU
		{289D1D38-A3D6-46AD-B557-4998B7F074B2}.Release|Any CPU.ActiveCfg = Release|Any CPU
		{289D1D38-A3D6-46AD-B557-4998B7F074B2}.Release|Any CPU.Build.0 = Release|Any CPU
		{A469B669-BCB8-44E4-B95F-89AE156308B8}.Debug|Any CPU.ActiveCfg = Debug|Any CPU
		{A469B669-BCB8-44E4-B95F-89AE156308B8}.Debug|Any CPU.Build.0 = Debug|Any CPU
		{A469B669-BCB8-44E4-B95F-89AE156308B8}.Release|Any CPU.ActiveCfg = Release|Any CPU
		{A469B669-BCB8-44E4-B95F-89AE156308B8}.Release|Any CPU.Build.0 = Release|Any CPU
		{6B653D6A-D198-44A6-AA5F-A973D7E95D17}.Debug|Any CPU.ActiveCfg = Debug|Any CPU
		{6B653D6A-D198-44A6-AA5F-A973D7E95D17}.Debug|Any CPU.Build.0 = Debug|Any CPU
		{6B653D6A-D198-44A6-AA5F-A973D7E95D17}.Release|Any CPU.ActiveCfg = Release|Any CPU
		{6B653D6A-D198-44A6-AA5F-A973D7E95D17}.Release|Any CPU.Build.0 = Release|Any CPU
		{09BB9B99-1C3E-4894-B2AD-1F2840ADB164}.Debug|Any CPU.ActiveCfg = Debug|Any CPU
		{09BB9B99-1C3E-4894-B2AD-1F2840ADB164}.Debug|Any CPU.Build.0 = Debug|Any CPU
		{09BB9B99-1C3E-4894-B2AD-1F2840ADB164}.Release|Any CPU.ActiveCfg = Release|Any CPU
		{09BB9B99-1C3E-4894-B2AD-1F2840ADB164}.Release|Any CPU.Build.0 = Release|Any CPU
		{BF260B68-4FA2-4A5C-BA89-5F785694111C}.Debug|Any CPU.ActiveCfg = Debug|Any CPU
		{BF260B68-4FA2-4A5C-BA89-5F785694111C}.Debug|Any CPU.Build.0 = Debug|Any CPU
		{BF260B68-4FA2-4A5C-BA89-5F785694111C}.Release|Any CPU.ActiveCfg = Release|Any CPU
		{BF260B68-4FA2-4A5C-BA89-5F785694111C}.Release|Any CPU.Build.0 = Release|Any CPU
		{10252F89-754E-45F7-B816-0C53268C07C1}.Debug|Any CPU.ActiveCfg = Debug|Any CPU
		{10252F89-754E-45F7-B816-0C53268C07C1}.Debug|Any CPU.Build.0 = Debug|Any CPU
		{10252F89-754E-45F7-B816-0C53268C07C1}.Release|Any CPU.ActiveCfg = Release|Any CPU
		{10252F89-754E-45F7-B816-0C53268C07C1}.Release|Any CPU.Build.0 = Release|Any CPU
		{B11A4798-32EC-4682-81AC-78F43B3ABA56}.Debug|Any CPU.ActiveCfg = Debug|Any CPU
		{B11A4798-32EC-4682-81AC-78F43B3ABA56}.Debug|Any CPU.Build.0 = Debug|Any CPU
		{B11A4798-32EC-4682-81AC-78F43B3ABA56}.Release|Any CPU.ActiveCfg = Release|Any CPU
		{B11A4798-32EC-4682-81AC-78F43B3ABA56}.Release|Any CPU.Build.0 = Release|Any CPU
		{5EBD1454-C0C6-4351-8A3F-E27F762A1556}.Debug|Any CPU.ActiveCfg = Debug|Any CPU
		{5EBD1454-C0C6-4351-8A3F-E27F762A1556}.Debug|Any CPU.Build.0 = Debug|Any CPU
		{5EBD1454-C0C6-4351-8A3F-E27F762A1556}.Release|Any CPU.ActiveCfg = Release|Any CPU
		{5EBD1454-C0C6-4351-8A3F-E27F762A1556}.Release|Any CPU.Build.0 = Release|Any CPU
		{732EE443-2CAF-473B-9F87-38388A69F95E}.Debug|Any CPU.ActiveCfg = Debug|Any CPU
		{732EE443-2CAF-473B-9F87-38388A69F95E}.Debug|Any CPU.Build.0 = Debug|Any CPU
		{732EE443-2CAF-473B-9F87-38388A69F95E}.Release|Any CPU.ActiveCfg = Release|Any CPU
		{732EE443-2CAF-473B-9F87-38388A69F95E}.Release|Any CPU.Build.0 = Release|Any CPU
		{003F1CD2-4DBE-4E17-9F63-825CFCF22A34}.Debug|Any CPU.ActiveCfg = Debug|Any CPU
		{003F1CD2-4DBE-4E17-9F63-825CFCF22A34}.Debug|Any CPU.Build.0 = Debug|Any CPU
		{003F1CD2-4DBE-4E17-9F63-825CFCF22A34}.Release|Any CPU.ActiveCfg = Release|Any CPU
		{003F1CD2-4DBE-4E17-9F63-825CFCF22A34}.Release|Any CPU.Build.0 = Release|Any CPU
		{84E4CAA6-A1E3-442B-988A-269AD7D060B6}.Debug|Any CPU.ActiveCfg = Debug|Any CPU
		{84E4CAA6-A1E3-442B-988A-269AD7D060B6}.Debug|Any CPU.Build.0 = Debug|Any CPU
		{84E4CAA6-A1E3-442B-988A-269AD7D060B6}.Release|Any CPU.ActiveCfg = Release|Any CPU
		{84E4CAA6-A1E3-442B-988A-269AD7D060B6}.Release|Any CPU.Build.0 = Release|Any CPU
		{FFA2F486-4476-4A85-A52E-A4EB7D40118D}.Debug|Any CPU.ActiveCfg = Debug|Any CPU
		{FFA2F486-4476-4A85-A52E-A4EB7D40118D}.Debug|Any CPU.Build.0 = Debug|Any CPU
		{FFA2F486-4476-4A85-A52E-A4EB7D40118D}.Release|Any CPU.ActiveCfg = Release|Any CPU
		{FFA2F486-4476-4A85-A52E-A4EB7D40118D}.Release|Any CPU.Build.0 = Release|Any CPU
		{6A1D7994-AC31-4575-8CBD-65DE65ECE26D}.Debug|Any CPU.ActiveCfg = Debug|Any CPU
		{6A1D7994-AC31-4575-8CBD-65DE65ECE26D}.Debug|Any CPU.Build.0 = Debug|Any CPU
		{6A1D7994-AC31-4575-8CBD-65DE65ECE26D}.Release|Any CPU.ActiveCfg = Release|Any CPU
		{6A1D7994-AC31-4575-8CBD-65DE65ECE26D}.Release|Any CPU.Build.0 = Release|Any CPU
		{50F5277F-25AE-43BC-899D-AADB0F8ED453}.Debug|Any CPU.ActiveCfg = Debug|Any CPU
		{50F5277F-25AE-43BC-899D-AADB0F8ED453}.Debug|Any CPU.Build.0 = Debug|Any CPU
		{50F5277F-25AE-43BC-899D-AADB0F8ED453}.Release|Any CPU.ActiveCfg = Release|Any CPU
		{50F5277F-25AE-43BC-899D-AADB0F8ED453}.Release|Any CPU.Build.0 = Release|Any CPU
		{DDEFD61A-F4EF-4934-BD46-2CEF3C8D358E}.Debug|Any CPU.ActiveCfg = Debug|Any CPU
		{DDEFD61A-F4EF-4934-BD46-2CEF3C8D358E}.Debug|Any CPU.Build.0 = Debug|Any CPU
		{DDEFD61A-F4EF-4934-BD46-2CEF3C8D358E}.Release|Any CPU.ActiveCfg = Release|Any CPU
		{DDEFD61A-F4EF-4934-BD46-2CEF3C8D358E}.Release|Any CPU.Build.0 = Release|Any CPU
		{4A4677B9-7946-4B24-B630-5AAE58760333}.Debug|Any CPU.ActiveCfg = Debug|Any CPU
		{4A4677B9-7946-4B24-B630-5AAE58760333}.Debug|Any CPU.Build.0 = Debug|Any CPU
		{4A4677B9-7946-4B24-B630-5AAE58760333}.Release|Any CPU.ActiveCfg = Release|Any CPU
		{4A4677B9-7946-4B24-B630-5AAE58760333}.Release|Any CPU.Build.0 = Release|Any CPU
		{5ED3ABC7-D3E3-4A24-8833-42BB0869D55C}.Debug|Any CPU.ActiveCfg = Debug|Any CPU
		{5ED3ABC7-D3E3-4A24-8833-42BB0869D55C}.Debug|Any CPU.Build.0 = Debug|Any CPU
		{5ED3ABC7-D3E3-4A24-8833-42BB0869D55C}.Release|Any CPU.ActiveCfg = Release|Any CPU
		{5ED3ABC7-D3E3-4A24-8833-42BB0869D55C}.Release|Any CPU.Build.0 = Release|Any CPU
		{3713522E-FD95-4F24-A24F-A0708AE7DE37}.Debug|Any CPU.ActiveCfg = Debug|Any CPU
		{3713522E-FD95-4F24-A24F-A0708AE7DE37}.Debug|Any CPU.Build.0 = Debug|Any CPU
		{3713522E-FD95-4F24-A24F-A0708AE7DE37}.Release|Any CPU.ActiveCfg = Release|Any CPU
		{3713522E-FD95-4F24-A24F-A0708AE7DE37}.Release|Any CPU.Build.0 = Release|Any CPU
		{1CCFFE65-C40B-4883-919F-018C44244698}.Debug|Any CPU.ActiveCfg = Debug|Any CPU
		{1CCFFE65-C40B-4883-919F-018C44244698}.Debug|Any CPU.Build.0 = Debug|Any CPU
		{1CCFFE65-C40B-4883-919F-018C44244698}.Release|Any CPU.ActiveCfg = Release|Any CPU
		{1CCFFE65-C40B-4883-919F-018C44244698}.Release|Any CPU.Build.0 = Release|Any CPU
		{624255F1-08C7-4A21-B061-C92DBA99C420}.Debug|Any CPU.ActiveCfg = Debug|Any CPU
		{624255F1-08C7-4A21-B061-C92DBA99C420}.Debug|Any CPU.Build.0 = Debug|Any CPU
		{624255F1-08C7-4A21-B061-C92DBA99C420}.Release|Any CPU.ActiveCfg = Release|Any CPU
		{624255F1-08C7-4A21-B061-C92DBA99C420}.Release|Any CPU.Build.0 = Release|Any CPU
		{D893CFC3-67E2-46D8-9FCE-5CDE4A4A843F}.Debug|Any CPU.ActiveCfg = Debug|Any CPU
		{D893CFC3-67E2-46D8-9FCE-5CDE4A4A843F}.Debug|Any CPU.Build.0 = Debug|Any CPU
		{D893CFC3-67E2-46D8-9FCE-5CDE4A4A843F}.Release|Any CPU.ActiveCfg = Release|Any CPU
		{D893CFC3-67E2-46D8-9FCE-5CDE4A4A843F}.Release|Any CPU.Build.0 = Release|Any CPU
		{3A4F9A49-0495-44B7-A164-81A51504B33F}.Debug|Any CPU.ActiveCfg = Debug|Any CPU
		{3A4F9A49-0495-44B7-A164-81A51504B33F}.Debug|Any CPU.Build.0 = Debug|Any CPU
		{3A4F9A49-0495-44B7-A164-81A51504B33F}.Release|Any CPU.ActiveCfg = Release|Any CPU
		{3A4F9A49-0495-44B7-A164-81A51504B33F}.Release|Any CPU.Build.0 = Release|Any CPU
		{D5BFCC88-A7C6-4904-85DB-63201818EDBD}.Debug|Any CPU.ActiveCfg = Debug|Any CPU
		{D5BFCC88-A7C6-4904-85DB-63201818EDBD}.Debug|Any CPU.Build.0 = Debug|Any CPU
		{D5BFCC88-A7C6-4904-85DB-63201818EDBD}.Release|Any CPU.ActiveCfg = Release|Any CPU
		{D5BFCC88-A7C6-4904-85DB-63201818EDBD}.Release|Any CPU.Build.0 = Release|Any CPU
		{82CA9A3C-4FB7-47ED-A3BD-09A50074F898}.Debug|Any CPU.ActiveCfg = Debug|Any CPU
		{82CA9A3C-4FB7-47ED-A3BD-09A50074F898}.Debug|Any CPU.Build.0 = Debug|Any CPU
		{82CA9A3C-4FB7-47ED-A3BD-09A50074F898}.Release|Any CPU.ActiveCfg = Release|Any CPU
		{82CA9A3C-4FB7-47ED-A3BD-09A50074F898}.Release|Any CPU.Build.0 = Release|Any CPU
		{D60AF330-1189-4DA3-B0E4-A38A66D6E4C2}.Debug|Any CPU.ActiveCfg = Debug|Any CPU
		{D60AF330-1189-4DA3-B0E4-A38A66D6E4C2}.Debug|Any CPU.Build.0 = Debug|Any CPU
		{D60AF330-1189-4DA3-B0E4-A38A66D6E4C2}.Release|Any CPU.ActiveCfg = Release|Any CPU
		{D60AF330-1189-4DA3-B0E4-A38A66D6E4C2}.Release|Any CPU.Build.0 = Release|Any CPU
		{C4742ECF-7AE2-416E-BAA1-76778AC1D331}.Debug|Any CPU.ActiveCfg = Debug|Any CPU
		{C4742ECF-7AE2-416E-BAA1-76778AC1D331}.Debug|Any CPU.Build.0 = Debug|Any CPU
		{C4742ECF-7AE2-416E-BAA1-76778AC1D331}.Release|Any CPU.ActiveCfg = Release|Any CPU
		{C4742ECF-7AE2-416E-BAA1-76778AC1D331}.Release|Any CPU.Build.0 = Release|Any CPU
	EndGlobalSection
	GlobalSection(SolutionProperties) = preSolution
		HideSolutionNode = FALSE
	EndGlobalSection
	GlobalSection(NestedProjects) = preSolution
		{A11C7925-1DE6-4130-B2E4-97197AADA437} = {16F5D12D-4341-4700-834C-677813B748C3}
		{48359414-1857-40AD-84CB-3648C2134258} = {16F5D12D-4341-4700-834C-677813B748C3}
		{DC4861CF-3EEE-4FF4-A46A-B1F5832C4824} = {16F5D12D-4341-4700-834C-677813B748C3}
		{C6918596-911F-44C3-8A70-8FAB28626792} = {F531DE4C-1482-4CB9-8337-D9B8CA623A71}
		{3E3FFEA1-B3D8-4884-9100-A035E1AC7E90} = {1D0DFF0B-8683-496D-93CF-3EE05C8D5FA2}
		{289D1D38-A3D6-46AD-B557-4998B7F074B2} = {1D0DFF0B-8683-496D-93CF-3EE05C8D5FA2}
		{A469B669-BCB8-44E4-B95F-89AE156308B8} = {72FE8F68-A148-45A2-91D4-A2EE776BDF3A}
		{6B653D6A-D198-44A6-AA5F-A973D7E95D17} = {72FE8F68-A148-45A2-91D4-A2EE776BDF3A}
		{09BB9B99-1C3E-4894-B2AD-1F2840ADB164} = {72FE8F68-A148-45A2-91D4-A2EE776BDF3A}
		{BF260B68-4FA2-4A5C-BA89-5F785694111C} = {72FE8F68-A148-45A2-91D4-A2EE776BDF3A}
		{B11A4798-32EC-4682-81AC-78F43B3ABA56} = {F531DE4C-1482-4CB9-8337-D9B8CA623A71}
		{5EBD1454-C0C6-4351-8A3F-E27F762A1556} = {F531DE4C-1482-4CB9-8337-D9B8CA623A71}
		{003F1CD2-4DBE-4E17-9F63-825CFCF22A34} = {90712935-0012-4ECC-8DB9-6428BD0F3997}
		{84E4CAA6-A1E3-442B-988A-269AD7D060B6} = {90712935-0012-4ECC-8DB9-6428BD0F3997}
		{FFA2F486-4476-4A85-A52E-A4EB7D40118D} = {17E97854-1EAC-4463-B345-4B235B43D9B4}
		{DDEFD61A-F4EF-4934-BD46-2CEF3C8D358E} = {A66E635C-51D4-47D7-A22A-1A90293DDB56}
		{4A4677B9-7946-4B24-B630-5AAE58760333} = {17E97854-1EAC-4463-B345-4B235B43D9B4}
		{5ED3ABC7-D3E3-4A24-8833-42BB0869D55C} = {72FE8F68-A148-45A2-91D4-A2EE776BDF3A}
		{1CCFFE65-C40B-4883-919F-018C44244698} = {16F5D12D-4341-4700-834C-677813B748C3}
		{624255F1-08C7-4A21-B061-C92DBA99C420} = {4B8E71A6-12DB-4400-8FFE-724E21D9A10D}
		{D893CFC3-67E2-46D8-9FCE-5CDE4A4A843F} = {4B8E71A6-12DB-4400-8FFE-724E21D9A10D}
		{3A4F9A49-0495-44B7-A164-81A51504B33F} = {4B8E71A6-12DB-4400-8FFE-724E21D9A10D}
		{D5BFCC88-A7C6-4904-85DB-63201818EDBD} = {4B8E71A6-12DB-4400-8FFE-724E21D9A10D}
		{82CA9A3C-4FB7-47ED-A3BD-09A50074F898} = {4B8E71A6-12DB-4400-8FFE-724E21D9A10D}
		{D60AF330-1189-4DA3-B0E4-A38A66D6E4C2} = {4B8E71A6-12DB-4400-8FFE-724E21D9A10D}
		{C4742ECF-7AE2-416E-BAA1-76778AC1D331} = {4B8E71A6-12DB-4400-8FFE-724E21D9A10D}
	EndGlobalSection
	GlobalSection(ExtensibilityGlobals) = postSolution
		SolutionGuid = {5D121EDF-27DD-498F-AA04-1E1457937327}
	EndGlobalSection
EndGlobal
